// !$*UTF8*$!
{
	archiveVersion = 1;
	classes = {
	};
	objectVersion = 46;
	objects = {

/* Begin PBXBuildFile section */
		4C3CC4081B25AEDB002D540A /* ablockoperations.cpp in Sources */ = {isa = PBXBuildFile; fileRef = 4C3CC4051B25AED6002D540A /* ablockoperations.cpp */; };
		4C3CC40B1B25B4C7002D540A /* afrustumborder.cpp in Sources */ = {isa = PBXBuildFile; fileRef = 4C3CC4091B25B4C7002D540A /* afrustumborder.cpp */; };
		4C3CC40C1B25B4C7002D540A /* afrustumborder.h in Headers */ = {isa = PBXBuildFile; fileRef = 4C3CC40A1B25B4C7002D540A /* afrustumborder.h */; };
		4C580AB11955A647000E71E6 /* image.tga in Resources */ = {isa = PBXBuildFile; fileRef = 4C580AB01955A647000E71E6 /* image.tga */; };
		4C580B201955B0FB000E71E6 /* akeyboardevents.cpp in Sources */ = {isa = PBXBuildFile; fileRef = 4C580B1E1955B0FB000E71E6 /* akeyboardevents.cpp */; };
		4C580B211955B0FB000E71E6 /* akeyboardevents.h in Headers */ = {isa = PBXBuildFile; fileRef = 4C580B1F1955B0FB000E71E6 /* akeyboardevents.h */; };
		4C580B251955B747000E71E6 /* agameeventdelegate.h in Headers */ = {isa = PBXBuildFile; fileRef = 4C580B231955B747000E71E6 /* agameeventdelegate.h */; };
		4C580B261955B9EC000E71E6 /* agameeventdelegate.cpp in Sources */ = {isa = PBXBuildFile; fileRef = 4C580B221955B747000E71E6 /* agameeventdelegate.cpp */; };
		4C7C09DB194726640081B310 /* notes.txt in Resources */ = {isa = PBXBuildFile; fileRef = 4C7C09DA194726640081B310 /* notes.txt */; };
		4C84B4471824F06000EFD26A /* libtgame.a in Frameworks */ = {isa = PBXBuildFile; fileRef = 4C84B3851824EE8500EFD26A /* libtgame.a */; };
		4CB3AF4316EB3C0B002DE363 /* celtic.tga in Resources */ = {isa = PBXBuildFile; fileRef = 4CB3AF4216EB3C0B002DE363 /* celtic.tga */; };
		4CBFB5B419598633002D7249 /* adatastorage.cpp in Sources */ = {isa = PBXBuildFile; fileRef = 4CBFB5B219598633002D7249 /* adatastorage.cpp */; };
		4CBFB5B519598633002D7249 /* adatastorage.h in Headers */ = {isa = PBXBuildFile; fileRef = 4CBFB5B319598633002D7249 /* adatastorage.h */; };
		4CBFB5BA195B202C002D7249 /* amatrix.cpp in Sources */ = {isa = PBXBuildFile; fileRef = 4CBFB5B8195B202C002D7249 /* amatrix.cpp */; };
		4CBFB5BB195B202C002D7249 /* amatrix.h in Headers */ = {isa = PBXBuildFile; fileRef = 4CBFB5B9195B202C002D7249 /* amatrix.h */; };
		4CC8218516D7A52A0090CE07 /* celtic.png in Resources */ = {isa = PBXBuildFile; fileRef = 4CC8218216D7A52A0090CE07 /* celtic.png */; };
		4CC8218616D7A52A0090CE07 /* marble.png in Resources */ = {isa = PBXBuildFile; fileRef = 4CC8218316D7A52A0090CE07 /* marble.png */; };
		4CC8218716D7A52A0090CE07 /* recycled.png in Resources */ = {isa = PBXBuildFile; fileRef = 4CC8218416D7A52A0090CE07 /* recycled.png */; };
		4CC85D6F16C409A600B961AB /* readme.txt in Resources */ = {isa = PBXBuildFile; fileRef = 4CC85D6E16C409A600B961AB /* readme.txt */; };
		4CF304071949EC5F0092A63D /* aoglwrapper.cpp in Sources */ = {isa = PBXBuildFile; fileRef = 4CF304031949EC5F0092A63D /* aoglwrapper.cpp */; };
		4CF304081949EC5F0092A63D /* aoglwrapper.h in Headers */ = {isa = PBXBuildFile; fileRef = 4CF304041949EC5F0092A63D /* aoglwrapper.h */; };
		4CF304091949EC5F0092A63D /* aopenglstate.cpp in Sources */ = {isa = PBXBuildFile; fileRef = 4CF304051949EC5F0092A63D /* aopenglstate.cpp */; };
		4CF3040A1949EC5F0092A63D /* aopenglstate.h in Headers */ = {isa = PBXBuildFile; fileRef = 4CF304061949EC5F0092A63D /* aopenglstate.h */; };
		4CF3040D1949EC720092A63D /* alogic.cpp in Sources */ = {isa = PBXBuildFile; fileRef = 4CF3040B1949EC720092A63D /* alogic.cpp */; };
		4CF3040E1949EC720092A63D /* alogic.h in Headers */ = {isa = PBXBuildFile; fileRef = 4CF3040C1949EC720092A63D /* alogic.h */; };
		4CF304171949EC8B0092A63D /* acolor.cpp in Sources */ = {isa = PBXBuildFile; fileRef = 4CF3040F1949EC8B0092A63D /* acolor.cpp */; };
		4CF304181949EC8B0092A63D /* acolor.h in Headers */ = {isa = PBXBuildFile; fileRef = 4CF304101949EC8B0092A63D /* acolor.h */; };
		4CF304191949EC8B0092A63D /* apoint.cpp in Sources */ = {isa = PBXBuildFile; fileRef = 4CF304111949EC8B0092A63D /* apoint.cpp */; };
		4CF3041A1949EC8B0092A63D /* apoint.h in Headers */ = {isa = PBXBuildFile; fileRef = 4CF304121949EC8B0092A63D /* apoint.h */; };
		4CF3041B1949EC8B0092A63D /* apoint2d.cpp in Sources */ = {isa = PBXBuildFile; fileRef = 4CF304131949EC8B0092A63D /* apoint2d.cpp */; };
		4CF3041C1949EC8B0092A63D /* apoint2d.h in Headers */ = {isa = PBXBuildFile; fileRef = 4CF304141949EC8B0092A63D /* apoint2d.h */; };
		4CF3041D1949EC8B0092A63D /* avector.cpp in Sources */ = {isa = PBXBuildFile; fileRef = 4CF304151949EC8B0092A63D /* avector.cpp */; };
		4CF3041E1949EC8B0092A63D /* avector.h in Headers */ = {isa = PBXBuildFile; fileRef = 4CF304161949EC8B0092A63D /* avector.h */; };
		4CF304211949EC980092A63D /* adataliner.cpp in Sources */ = {isa = PBXBuildFile; fileRef = 4CF3041F1949EC980092A63D /* adataliner.cpp */; };
		4CF304221949EC980092A63D /* adataliner.h in Headers */ = {isa = PBXBuildFile; fileRef = 4CF304201949EC980092A63D /* adataliner.h */; };
		4CF304271949ECA70092A63D /* aformation.cpp in Sources */ = {isa = PBXBuildFile; fileRef = 4CF304231949ECA70092A63D /* aformation.cpp */; };
		4CF304281949ECA70092A63D /* aformation.h in Headers */ = {isa = PBXBuildFile; fileRef = 4CF304241949ECA70092A63D /* aformation.h */; };
		4CF304291949ECA70092A63D /* aformationfactory.cpp in Sources */ = {isa = PBXBuildFile; fileRef = 4CF304251949ECA70092A63D /* aformationfactory.cpp */; };
		4CF3042A1949ECA70092A63D /* aformationfactory.h in Headers */ = {isa = PBXBuildFile; fileRef = 4CF304261949ECA70092A63D /* aformationfactory.h */; };
		4CF304331949ECB90092A63D /* aimage.cpp in Sources */ = {isa = PBXBuildFile; fileRef = 4CF3042B1949ECB90092A63D /* aimage.cpp */; };
		4CF304341949ECB90092A63D /* aimage.h in Headers */ = {isa = PBXBuildFile; fileRef = 4CF3042C1949ECB90092A63D /* aimage.h */; };
		4CF304351949ECB90092A63D /* atexture.cpp in Sources */ = {isa = PBXBuildFile; fileRef = 4CF3042D1949ECB90092A63D /* atexture.cpp */; };
		4CF304361949ECB90092A63D /* atexture.h in Headers */ = {isa = PBXBuildFile; fileRef = 4CF3042E1949ECB90092A63D /* atexture.h */; };
		4CF304371949ECB90092A63D /* atexturemanager.cpp in Sources */ = {isa = PBXBuildFile; fileRef = 4CF3042F1949ECB90092A63D /* atexturemanager.cpp */; };
		4CF304381949ECB90092A63D /* atexturemanager.h in Headers */ = {isa = PBXBuildFile; fileRef = 4CF304301949ECB90092A63D /* atexturemanager.h */; };
		4CF304391949ECB90092A63D /* atga.cpp in Sources */ = {isa = PBXBuildFile; fileRef = 4CF304311949ECB90092A63D /* atga.cpp */; };
		4CF3043A1949ECB90092A63D /* atga.h in Headers */ = {isa = PBXBuildFile; fileRef = 4CF304321949ECB90092A63D /* atga.h */; };
		4CF3043D1949ECCA0092A63D /* adrawbasics.cpp in Sources */ = {isa = PBXBuildFile; fileRef = 4CF3043B1949ECCA0092A63D /* adrawbasics.cpp */; };
		4CF3043E1949ECCA0092A63D /* adrawbasics.h in Headers */ = {isa = PBXBuildFile; fileRef = 4CF3043C1949ECCA0092A63D /* adrawbasics.h */; };
		4CF304471949ED030092A63D /* ablock.cpp in Sources */ = {isa = PBXBuildFile; fileRef = 4CF3043F1949ED030092A63D /* ablock.cpp */; };
		4CF304481949ED030092A63D /* ablock.h in Headers */ = {isa = PBXBuildFile; fileRef = 4CF304401949ED030092A63D /* ablock.h */; };
		4CF304491949ED030092A63D /* acoloredblock.cpp in Sources */ = {isa = PBXBuildFile; fileRef = 4CF304411949ED030092A63D /* acoloredblock.cpp */; };
		4CF3044A1949ED030092A63D /* acoloredblock.h in Headers */ = {isa = PBXBuildFile; fileRef = 4CF304421949ED030092A63D /* acoloredblock.h */; };
		4CF3044B1949ED030092A63D /* asolidblock.cpp in Sources */ = {isa = PBXBuildFile; fileRef = 4CF304431949ED030092A63D /* asolidblock.cpp */; };
		4CF3044C1949ED030092A63D /* asolidblock.h in Headers */ = {isa = PBXBuildFile; fileRef = 4CF304441949ED030092A63D /* asolidblock.h */; };
		4CF3044D1949ED030092A63D /* atexturedblock.cpp in Sources */ = {isa = PBXBuildFile; fileRef = 4CF304451949ED030092A63D /* atexturedblock.cpp */; };
		4CF3044E1949ED030092A63D /* atexturedblock.h in Headers */ = {isa = PBXBuildFile; fileRef = 4CF304461949ED030092A63D /* atexturedblock.h */; };
		4CF304531949ED110092A63D /* arobject.cpp in Sources */ = {isa = PBXBuildFile; fileRef = 4CF3044F1949ED110092A63D /* arobject.cpp */; };
		4CF304541949ED110092A63D /* arobject.h in Headers */ = {isa = PBXBuildFile; fileRef = 4CF304501949ED110092A63D /* arobject.h */; };
		4CF304551949ED110092A63D /* awell.cpp in Sources */ = {isa = PBXBuildFile; fileRef = 4CF304511949ED110092A63D /* awell.cpp */; };
		4CF304561949ED110092A63D /* awell.h in Headers */ = {isa = PBXBuildFile; fileRef = 4CF304521949ED110092A63D /* awell.h */; };
		4CF304591949ED220092A63D /* acrafter.cpp in Sources */ = {isa = PBXBuildFile; fileRef = 4CF304571949ED220092A63D /* acrafter.cpp */; };
		4CF3045A1949ED220092A63D /* acrafter.h in Headers */ = {isa = PBXBuildFile; fileRef = 4CF304581949ED220092A63D /* acrafter.h */; };
		4CF304601949ED340092A63D /* ablockout.cpp in Sources */ = {isa = PBXBuildFile; fileRef = 4CF3045B1949ED340092A63D /* ablockout.cpp */; };
		4CF304611949ED340092A63D /* ablockout.h in Headers */ = {isa = PBXBuildFile; fileRef = 4CF3045C1949ED340092A63D /* ablockout.h */; };
		4CF304621949ED340092A63D /* blockoutdebug.cpp in Sources */ = {isa = PBXBuildFile; fileRef = 4CF3045D1949ED340092A63D /* blockoutdebug.cpp */; };
		4CF304641949ED340092A63D /* blockouttypes.h in Headers */ = {isa = PBXBuildFile; fileRef = 4CF3045F1949ED340092A63D /* blockouttypes.h */; };
		4CF304661949ED540092A63D /* blockoutdebug.h in Headers */ = {isa = PBXBuildFile; fileRef = 4CF304651949ED540092A63D /* blockoutdebug.h */; };
		AE0A7D131BF2352700D5A589 /* abundle.cpp in Sources */ = {isa = PBXBuildFile; fileRef = AE0A7D111BF2352700D5A589 /* abundle.cpp */; };
		AE0A7D141BF2352700D5A589 /* abundle.h in Headers */ = {isa = PBXBuildFile; fileRef = AE0A7D121BF2352700D5A589 /* abundle.h */; };
		AE51D1EB1BF4E08A00BFFB03 /* abundleprotocol.h in Headers */ = {isa = PBXBuildFile; fileRef = AE51D1E91BF4E08A00BFFB03 /* abundleprotocol.h */; };
		AE51D1EE1BF4E20400BFFB03 /* amacbundle.mm in Sources */ = {isa = PBXBuildFile; fileRef = AE51D1EC1BF4E20400BFFB03 /* amacbundle.mm */; };
		AE51D1EF1BF4E20400BFFB03 /* amacbundle.h in Headers */ = {isa = PBXBuildFile; fileRef = AE51D1ED1BF4E20400BFFB03 /* amacbundle.h */; };
		AE9E2FED1BFCB7A400ECACDC /* agamestepscontroller.cpp in Sources */ = {isa = PBXBuildFile; fileRef = AE9E2FEB1BFCB7A400ECACDC /* agamestepscontroller.cpp */; };
		AE9E2FEE1BFCB7A400ECACDC /* agamestepscontroller.h in Headers */ = {isa = PBXBuildFile; fileRef = AE9E2FEC1BFCB7A400ECACDC /* agamestepscontroller.h */; };
		AE9E2FF11BFCB88200ECACDC /* adropdownblockgamestep.cpp in Sources */ = {isa = PBXBuildFile; fileRef = AE9E2FEF1BFCB88200ECACDC /* adropdownblockgamestep.cpp */; };
		AE9E2FF21BFCB88200ECACDC /* adropdownblockgamestep.h in Headers */ = {isa = PBXBuildFile; fileRef = AE9E2FF01BFCB88200ECACDC /* adropdownblockgamestep.h */; };
		AEA6DE501BF1C7120012E88B /* ablockmoveeventprocessor.cpp in Sources */ = {isa = PBXBuildFile; fileRef = AEA6DE491BF0F15E0012E88B /* ablockmoveeventprocessor.cpp */; };
		AEA6DE511BF1C7120012E88B /* ablockrotateeventprocessor.cpp in Sources */ = {isa = PBXBuildFile; fileRef = AEA6DE4C1BF0F8570012E88B /* ablockrotateeventprocessor.cpp */; };
		AEA6DE521BF1C7120012E88B /* ablockdropeventprocessor.cpp in Sources */ = {isa = PBXBuildFile; fileRef = AEA6DE451BF0E7610012E88B /* ablockdropeventprocessor.cpp */; };
		B732726916AB20C2001DE602 /* Cocoa.framework in Frameworks */ = {isa = PBXBuildFile; fileRef = B732726816AB20C2001DE602 /* Cocoa.framework */; };
		B732727316AB20C2001DE602 /* InfoPlist.strings in Resources */ = {isa = PBXBuildFile; fileRef = B732727116AB20C2001DE602 /* InfoPlist.strings */; };
		B732727516AB20C2001DE602 /* main.m in Sources */ = {isa = PBXBuildFile; fileRef = B732727416AB20C2001DE602 /* main.m */; };
		B732727916AB20C2001DE602 /* Credits.rtf in Resources */ = {isa = PBXBuildFile; fileRef = B732727716AB20C2001DE602 /* Credits.rtf */; };
		B732727C16AB20C2001DE602 /* AAppDelegate.mm in Sources */ = {isa = PBXBuildFile; fileRef = B732727B16AB20C2001DE602 /* AAppDelegate.mm */; };
		B732728716AB2507001DE602 /* ARenderView.mm in Sources */ = {isa = PBXBuildFile; fileRef = B732728616AB2507001DE602 /* ARenderView.mm */; };
		B7ECFF5216AD422F00946E91 /* Blockout.xib in Resources */ = {isa = PBXBuildFile; fileRef = B7ECFF5016AD422F00946E91 /* Blockout.xib */; };
		B7ECFF5516AD42C500946E91 /* OpenGL.framework in Frameworks */ = {isa = PBXBuildFile; fileRef = B7ECFF5416AD42C500946E91 /* OpenGL.framework */; };
/* End PBXBuildFile section */

/* Begin PBXContainerItemProxy section */
		4C84B4451824EFE000EFD26A /* PBXContainerItemProxy */ = {
			isa = PBXContainerItemProxy;
			containerPortal = B732725B16AB20C2001DE602 /* Project object */;
			proxyType = 1;
			remoteGlobalIDString = 4C84B3841824EE8500EFD26A;
			remoteInfo = tgame;
		};
/* End PBXContainerItemProxy section */

/* Begin PBXFileReference section */
		4C3CC4051B25AED6002D540A /* ablockoperations.cpp */ = {isa = PBXFileReference; fileEncoding = 4; lastKnownFileType = sourcecode.cpp.cpp; name = ablockoperations.cpp; path = Blockout/tgame/ablockoperations.cpp; sourceTree = "<group>"; };
		4C3CC4061B25AED6002D540A /* ablockoperations.h */ = {isa = PBXFileReference; fileEncoding = 4; lastKnownFileType = sourcecode.c.h; name = ablockoperations.h; path = Blockout/tgame/ablockoperations.h; sourceTree = "<group>"; };
		4C3CC4091B25B4C7002D540A /* afrustumborder.cpp */ = {isa = PBXFileReference; fileEncoding = 4; lastKnownFileType = sourcecode.cpp.cpp; name = afrustumborder.cpp; path = Blockout/tgame/afrustumborder.cpp; sourceTree = "<group>"; };
		4C3CC40A1B25B4C7002D540A /* afrustumborder.h */ = {isa = PBXFileReference; fileEncoding = 4; lastKnownFileType = sourcecode.c.h; name = afrustumborder.h; path = Blockout/tgame/afrustumborder.h; sourceTree = "<group>"; };
		4C580AB01955A647000E71E6 /* image.tga */ = {isa = PBXFileReference; lastKnownFileType = file; name = image.tga; path = Blockout/resources/image.tga; sourceTree = "<group>"; };
		4C580B1E1955B0FB000E71E6 /* akeyboardevents.cpp */ = {isa = PBXFileReference; fileEncoding = 4; lastKnownFileType = sourcecode.cpp.cpp; name = akeyboardevents.cpp; path = Blockout/tgame/akeyboardevents.cpp; sourceTree = "<group>"; };
		4C580B1F1955B0FB000E71E6 /* akeyboardevents.h */ = {isa = PBXFileReference; fileEncoding = 4; lastKnownFileType = sourcecode.c.h; name = akeyboardevents.h; path = Blockout/tgame/akeyboardevents.h; sourceTree = "<group>"; };
		4C580B221955B747000E71E6 /* agameeventdelegate.cpp */ = {isa = PBXFileReference; fileEncoding = 4; lastKnownFileType = sourcecode.cpp.cpp; name = agameeventdelegate.cpp; path = Blockout/tgame/agameeventdelegate.cpp; sourceTree = "<group>"; };
		4C580B231955B747000E71E6 /* agameeventdelegate.h */ = {isa = PBXFileReference; fileEncoding = 4; lastKnownFileType = sourcecode.c.h; name = agameeventdelegate.h; path = Blockout/tgame/agameeventdelegate.h; sourceTree = "<group>"; };
		4C7C09DA194726640081B310 /* notes.txt */ = {isa = PBXFileReference; fileEncoding = 4; lastKnownFileType = text; path = notes.txt; sourceTree = "<group>"; };
		4C84B3851824EE8500EFD26A /* libtgame.a */ = {isa = PBXFileReference; explicitFileType = archive.ar; includeInIndex = 0; path = libtgame.a; sourceTree = BUILT_PRODUCTS_DIR; };
		4CB3AF4216EB3C0B002DE363 /* celtic.tga */ = {isa = PBXFileReference; lastKnownFileType = file; name = celtic.tga; path = Blockout/resources/celtic.tga; sourceTree = "<group>"; };
		4CBFB5AC19596A28002D7249 /* keymaps.h */ = {isa = PBXFileReference; lastKnownFileType = sourcecode.c.h; name = keymaps.h; path = Blockout/tgame/keymaps.h; sourceTree = "<group>"; };
		4CBFB5B219598633002D7249 /* adatastorage.cpp */ = {isa = PBXFileReference; fileEncoding = 4; lastKnownFileType = sourcecode.cpp.cpp; name = adatastorage.cpp; path = Blockout/tgame/adatastorage.cpp; sourceTree = "<group>"; };
		4CBFB5B319598633002D7249 /* adatastorage.h */ = {isa = PBXFileReference; fileEncoding = 4; lastKnownFileType = sourcecode.c.h; name = adatastorage.h; path = Blockout/tgame/adatastorage.h; sourceTree = "<group>"; };
		4CBFB5B8195B202C002D7249 /* amatrix.cpp */ = {isa = PBXFileReference; fileEncoding = 4; lastKnownFileType = sourcecode.cpp.cpp; name = amatrix.cpp; path = Blockout/tgame/amatrix.cpp; sourceTree = "<group>"; };
		4CBFB5B9195B202C002D7249 /* amatrix.h */ = {isa = PBXFileReference; fileEncoding = 4; lastKnownFileType = sourcecode.c.h; name = amatrix.h; path = Blockout/tgame/amatrix.h; sourceTree = "<group>"; };
		4CC8218216D7A52A0090CE07 /* celtic.png */ = {isa = PBXFileReference; lastKnownFileType = image.png; name = celtic.png; path = Blockout/resources/celtic.png; sourceTree = "<group>"; };
		4CC8218316D7A52A0090CE07 /* marble.png */ = {isa = PBXFileReference; lastKnownFileType = image.png; name = marble.png; path = Blockout/resources/marble.png; sourceTree = "<group>"; };
		4CC8218416D7A52A0090CE07 /* recycled.png */ = {isa = PBXFileReference; lastKnownFileType = image.png; name = recycled.png; path = Blockout/resources/recycled.png; sourceTree = "<group>"; };
		4CC85D6E16C409A600B961AB /* readme.txt */ = {isa = PBXFileReference; fileEncoding = 4; lastKnownFileType = text; name = readme.txt; path = Blockout/readme.txt; sourceTree = "<group>"; };
		4CF304031949EC5F0092A63D /* aoglwrapper.cpp */ = {isa = PBXFileReference; fileEncoding = 4; lastKnownFileType = sourcecode.cpp.cpp; name = aoglwrapper.cpp; path = Blockout/tgame/aoglwrapper.cpp; sourceTree = "<group>"; };
		4CF304041949EC5F0092A63D /* aoglwrapper.h */ = {isa = PBXFileReference; fileEncoding = 4; lastKnownFileType = sourcecode.c.h; name = aoglwrapper.h; path = Blockout/tgame/aoglwrapper.h; sourceTree = "<group>"; };
		4CF304051949EC5F0092A63D /* aopenglstate.cpp */ = {isa = PBXFileReference; fileEncoding = 4; lastKnownFileType = sourcecode.cpp.cpp; name = aopenglstate.cpp; path = Blockout/tgame/aopenglstate.cpp; sourceTree = "<group>"; };
		4CF304061949EC5F0092A63D /* aopenglstate.h */ = {isa = PBXFileReference; fileEncoding = 4; lastKnownFileType = sourcecode.c.h; name = aopenglstate.h; path = Blockout/tgame/aopenglstate.h; sourceTree = "<group>"; };
		4CF3040B1949EC720092A63D /* alogic.cpp */ = {isa = PBXFileReference; fileEncoding = 4; lastKnownFileType = sourcecode.cpp.cpp; name = alogic.cpp; path = Blockout/tgame/alogic.cpp; sourceTree = "<group>"; };
		4CF3040C1949EC720092A63D /* alogic.h */ = {isa = PBXFileReference; fileEncoding = 4; lastKnownFileType = sourcecode.c.h; name = alogic.h; path = Blockout/tgame/alogic.h; sourceTree = "<group>"; };
		4CF3040F1949EC8B0092A63D /* acolor.cpp */ = {isa = PBXFileReference; fileEncoding = 4; lastKnownFileType = sourcecode.cpp.cpp; name = acolor.cpp; path = Blockout/tgame/acolor.cpp; sourceTree = "<group>"; };
		4CF304101949EC8B0092A63D /* acolor.h */ = {isa = PBXFileReference; fileEncoding = 4; lastKnownFileType = sourcecode.c.h; name = acolor.h; path = Blockout/tgame/acolor.h; sourceTree = "<group>"; };
		4CF304111949EC8B0092A63D /* apoint.cpp */ = {isa = PBXFileReference; fileEncoding = 4; lastKnownFileType = sourcecode.cpp.cpp; name = apoint.cpp; path = Blockout/tgame/apoint.cpp; sourceTree = "<group>"; };
		4CF304121949EC8B0092A63D /* apoint.h */ = {isa = PBXFileReference; fileEncoding = 4; lastKnownFileType = sourcecode.c.h; name = apoint.h; path = Blockout/tgame/apoint.h; sourceTree = "<group>"; };
		4CF304131949EC8B0092A63D /* apoint2d.cpp */ = {isa = PBXFileReference; fileEncoding = 4; lastKnownFileType = sourcecode.cpp.cpp; name = apoint2d.cpp; path = Blockout/tgame/apoint2d.cpp; sourceTree = "<group>"; };
		4CF304141949EC8B0092A63D /* apoint2d.h */ = {isa = PBXFileReference; fileEncoding = 4; lastKnownFileType = sourcecode.c.h; name = apoint2d.h; path = Blockout/tgame/apoint2d.h; sourceTree = "<group>"; };
		4CF304151949EC8B0092A63D /* avector.cpp */ = {isa = PBXFileReference; fileEncoding = 4; lastKnownFileType = sourcecode.cpp.cpp; name = avector.cpp; path = Blockout/tgame/avector.cpp; sourceTree = "<group>"; };
		4CF304161949EC8B0092A63D /* avector.h */ = {isa = PBXFileReference; fileEncoding = 4; lastKnownFileType = sourcecode.c.h; name = avector.h; path = Blockout/tgame/avector.h; sourceTree = "<group>"; };
		4CF3041F1949EC980092A63D /* adataliner.cpp */ = {isa = PBXFileReference; fileEncoding = 4; lastKnownFileType = sourcecode.cpp.cpp; name = adataliner.cpp; path = Blockout/tgame/adataliner.cpp; sourceTree = "<group>"; };
		4CF304201949EC980092A63D /* adataliner.h */ = {isa = PBXFileReference; fileEncoding = 4; lastKnownFileType = sourcecode.c.h; name = adataliner.h; path = Blockout/tgame/adataliner.h; sourceTree = "<group>"; };
		4CF304231949ECA70092A63D /* aformation.cpp */ = {isa = PBXFileReference; fileEncoding = 4; lastKnownFileType = sourcecode.cpp.cpp; name = aformation.cpp; path = Blockout/tgame/aformation.cpp; sourceTree = "<group>"; };
		4CF304241949ECA70092A63D /* aformation.h */ = {isa = PBXFileReference; fileEncoding = 4; lastKnownFileType = sourcecode.c.h; name = aformation.h; path = Blockout/tgame/aformation.h; sourceTree = "<group>"; };
		4CF304251949ECA70092A63D /* aformationfactory.cpp */ = {isa = PBXFileReference; fileEncoding = 4; lastKnownFileType = sourcecode.cpp.cpp; name = aformationfactory.cpp; path = Blockout/tgame/aformationfactory.cpp; sourceTree = "<group>"; };
		4CF304261949ECA70092A63D /* aformationfactory.h */ = {isa = PBXFileReference; fileEncoding = 4; lastKnownFileType = sourcecode.c.h; name = aformationfactory.h; path = Blockout/tgame/aformationfactory.h; sourceTree = "<group>"; };
		4CF3042B1949ECB90092A63D /* aimage.cpp */ = {isa = PBXFileReference; fileEncoding = 4; lastKnownFileType = sourcecode.cpp.cpp; name = aimage.cpp; path = Blockout/tgame/aimage.cpp; sourceTree = "<group>"; };
		4CF3042C1949ECB90092A63D /* aimage.h */ = {isa = PBXFileReference; fileEncoding = 4; lastKnownFileType = sourcecode.c.h; name = aimage.h; path = Blockout/tgame/aimage.h; sourceTree = "<group>"; };
		4CF3042D1949ECB90092A63D /* atexture.cpp */ = {isa = PBXFileReference; fileEncoding = 4; lastKnownFileType = sourcecode.cpp.cpp; name = atexture.cpp; path = Blockout/tgame/atexture.cpp; sourceTree = "<group>"; };
		4CF3042E1949ECB90092A63D /* atexture.h */ = {isa = PBXFileReference; fileEncoding = 4; lastKnownFileType = sourcecode.c.h; name = atexture.h; path = Blockout/tgame/atexture.h; sourceTree = "<group>"; };
		4CF3042F1949ECB90092A63D /* atexturemanager.cpp */ = {isa = PBXFileReference; fileEncoding = 4; lastKnownFileType = sourcecode.cpp.cpp; name = atexturemanager.cpp; path = Blockout/tgame/atexturemanager.cpp; sourceTree = "<group>"; };
		4CF304301949ECB90092A63D /* atexturemanager.h */ = {isa = PBXFileReference; fileEncoding = 4; lastKnownFileType = sourcecode.c.h; name = atexturemanager.h; path = Blockout/tgame/atexturemanager.h; sourceTree = "<group>"; };
		4CF304311949ECB90092A63D /* atga.cpp */ = {isa = PBXFileReference; fileEncoding = 4; lastKnownFileType = sourcecode.cpp.cpp; name = atga.cpp; path = Blockout/tgame/atga.cpp; sourceTree = "<group>"; };
		4CF304321949ECB90092A63D /* atga.h */ = {isa = PBXFileReference; fileEncoding = 4; lastKnownFileType = sourcecode.c.h; name = atga.h; path = Blockout/tgame/atga.h; sourceTree = "<group>"; };
		4CF3043B1949ECCA0092A63D /* adrawbasics.cpp */ = {isa = PBXFileReference; fileEncoding = 4; lastKnownFileType = sourcecode.cpp.cpp; name = adrawbasics.cpp; path = Blockout/tgame/adrawbasics.cpp; sourceTree = "<group>"; };
		4CF3043C1949ECCA0092A63D /* adrawbasics.h */ = {isa = PBXFileReference; fileEncoding = 4; lastKnownFileType = sourcecode.c.h; name = adrawbasics.h; path = Blockout/tgame/adrawbasics.h; sourceTree = "<group>"; };
		4CF3043F1949ED030092A63D /* ablock.cpp */ = {isa = PBXFileReference; fileEncoding = 4; lastKnownFileType = sourcecode.cpp.cpp; name = ablock.cpp; path = Blockout/tgame/ablock.cpp; sourceTree = "<group>"; };
		4CF304401949ED030092A63D /* ablock.h */ = {isa = PBXFileReference; fileEncoding = 4; lastKnownFileType = sourcecode.c.h; name = ablock.h; path = Blockout/tgame/ablock.h; sourceTree = "<group>"; };
		4CF304411949ED030092A63D /* acoloredblock.cpp */ = {isa = PBXFileReference; fileEncoding = 4; lastKnownFileType = sourcecode.cpp.cpp; name = acoloredblock.cpp; path = Blockout/tgame/acoloredblock.cpp; sourceTree = "<group>"; };
		4CF304421949ED030092A63D /* acoloredblock.h */ = {isa = PBXFileReference; fileEncoding = 4; lastKnownFileType = sourcecode.c.h; name = acoloredblock.h; path = Blockout/tgame/acoloredblock.h; sourceTree = "<group>"; };
		4CF304431949ED030092A63D /* asolidblock.cpp */ = {isa = PBXFileReference; fileEncoding = 4; lastKnownFileType = sourcecode.cpp.cpp; name = asolidblock.cpp; path = Blockout/tgame/asolidblock.cpp; sourceTree = "<group>"; };
		4CF304441949ED030092A63D /* asolidblock.h */ = {isa = PBXFileReference; fileEncoding = 4; lastKnownFileType = sourcecode.c.h; name = asolidblock.h; path = Blockout/tgame/asolidblock.h; sourceTree = "<group>"; };
		4CF304451949ED030092A63D /* atexturedblock.cpp */ = {isa = PBXFileReference; fileEncoding = 4; lastKnownFileType = sourcecode.cpp.cpp; name = atexturedblock.cpp; path = Blockout/tgame/atexturedblock.cpp; sourceTree = "<group>"; };
		4CF304461949ED030092A63D /* atexturedblock.h */ = {isa = PBXFileReference; fileEncoding = 4; lastKnownFileType = sourcecode.c.h; name = atexturedblock.h; path = Blockout/tgame/atexturedblock.h; sourceTree = "<group>"; };
		4CF3044F1949ED110092A63D /* arobject.cpp */ = {isa = PBXFileReference; fileEncoding = 4; lastKnownFileType = sourcecode.cpp.cpp; name = arobject.cpp; path = Blockout/tgame/arobject.cpp; sourceTree = "<group>"; };
		4CF304501949ED110092A63D /* arobject.h */ = {isa = PBXFileReference; fileEncoding = 4; lastKnownFileType = sourcecode.c.h; name = arobject.h; path = Blockout/tgame/arobject.h; sourceTree = "<group>"; };
		4CF304511949ED110092A63D /* awell.cpp */ = {isa = PBXFileReference; fileEncoding = 4; lastKnownFileType = sourcecode.cpp.cpp; name = awell.cpp; path = Blockout/tgame/awell.cpp; sourceTree = "<group>"; };
		4CF304521949ED110092A63D /* awell.h */ = {isa = PBXFileReference; fileEncoding = 4; lastKnownFileType = sourcecode.c.h; name = awell.h; path = Blockout/tgame/awell.h; sourceTree = "<group>"; };
		4CF304571949ED220092A63D /* acrafter.cpp */ = {isa = PBXFileReference; fileEncoding = 4; lastKnownFileType = sourcecode.cpp.cpp; name = acrafter.cpp; path = Blockout/tgame/acrafter.cpp; sourceTree = "<group>"; };
		4CF304581949ED220092A63D /* acrafter.h */ = {isa = PBXFileReference; fileEncoding = 4; lastKnownFileType = sourcecode.c.h; name = acrafter.h; path = Blockout/tgame/acrafter.h; sourceTree = "<group>"; };
		4CF3045B1949ED340092A63D /* ablockout.cpp */ = {isa = PBXFileReference; fileEncoding = 4; lastKnownFileType = sourcecode.cpp.cpp; name = ablockout.cpp; path = Blockout/tgame/ablockout.cpp; sourceTree = "<group>"; };
		4CF3045C1949ED340092A63D /* ablockout.h */ = {isa = PBXFileReference; fileEncoding = 4; lastKnownFileType = sourcecode.c.h; name = ablockout.h; path = Blockout/tgame/ablockout.h; sourceTree = "<group>"; };
		4CF3045D1949ED340092A63D /* blockoutdebug.cpp */ = {isa = PBXFileReference; fileEncoding = 4; lastKnownFileType = sourcecode.cpp.cpp; name = blockoutdebug.cpp; path = Blockout/tgame/blockoutdebug.cpp; sourceTree = "<group>"; };
		4CF3045F1949ED340092A63D /* blockouttypes.h */ = {isa = PBXFileReference; fileEncoding = 4; lastKnownFileType = sourcecode.c.h; name = blockouttypes.h; path = Blockout/tgame/blockouttypes.h; sourceTree = "<group>"; };
		4CF304651949ED540092A63D /* blockoutdebug.h */ = {isa = PBXFileReference; fileEncoding = 4; lastKnownFileType = sourcecode.c.h; name = blockoutdebug.h; path = Blockout/tgame/blockoutdebug.h; sourceTree = "<group>"; };
		AE0A7D111BF2352700D5A589 /* abundle.cpp */ = {isa = PBXFileReference; fileEncoding = 4; lastKnownFileType = sourcecode.cpp.cpp; name = abundle.cpp; path = Blockout/tgame/abundle.cpp; sourceTree = "<group>"; };
		AE0A7D121BF2352700D5A589 /* abundle.h */ = {isa = PBXFileReference; fileEncoding = 4; lastKnownFileType = sourcecode.c.h; name = abundle.h; path = Blockout/tgame/abundle.h; sourceTree = "<group>"; };
		AE51D1E91BF4E08A00BFFB03 /* abundleprotocol.h */ = {isa = PBXFileReference; fileEncoding = 4; lastKnownFileType = sourcecode.c.h; name = abundleprotocol.h; path = Blockout/tgame/abundleprotocol.h; sourceTree = "<group>"; };
		AE51D1EC1BF4E20400BFFB03 /* amacbundle.mm */ = {isa = PBXFileReference; fileEncoding = 4; lastKnownFileType = sourcecode.cpp.objcpp; name = amacbundle.mm; path = Blockout/tgame/mac/amacbundle.mm; sourceTree = "<group>"; };
		AE51D1ED1BF4E20400BFFB03 /* amacbundle.h */ = {isa = PBXFileReference; fileEncoding = 4; lastKnownFileType = sourcecode.c.h; name = amacbundle.h; path = Blockout/tgame/mac/amacbundle.h; sourceTree = "<group>"; };
		AE9E2FEB1BFCB7A400ECACDC /* agamestepscontroller.cpp */ = {isa = PBXFileReference; fileEncoding = 4; lastKnownFileType = sourcecode.cpp.cpp; name = agamestepscontroller.cpp; path = Blockout/tgame/agamestepscontroller.cpp; sourceTree = "<group>"; };
		AE9E2FEC1BFCB7A400ECACDC /* agamestepscontroller.h */ = {isa = PBXFileReference; fileEncoding = 4; lastKnownFileType = sourcecode.c.h; name = agamestepscontroller.h; path = Blockout/tgame/agamestepscontroller.h; sourceTree = "<group>"; };
		AE9E2FEF1BFCB88200ECACDC /* adropdownblockgamestep.cpp */ = {isa = PBXFileReference; fileEncoding = 4; lastKnownFileType = sourcecode.cpp.cpp; name = adropdownblockgamestep.cpp; path = Blockout/tgame/adropdownblockgamestep.cpp; sourceTree = "<group>"; };
		AE9E2FF01BFCB88200ECACDC /* adropdownblockgamestep.h */ = {isa = PBXFileReference; fileEncoding = 4; lastKnownFileType = sourcecode.c.h; name = adropdownblockgamestep.h; path = Blockout/tgame/adropdownblockgamestep.h; sourceTree = "<group>"; };
		AE9E2FF31BFCB8E700ECACDC /* agamestepprotocol.h */ = {isa = PBXFileReference; lastKnownFileType = sourcecode.c.h; name = agamestepprotocol.h; path = Blockout/tgame/agamestepprotocol.h; sourceTree = "<group>"; };
		AEA6DE451BF0E7610012E88B /* ablockdropeventprocessor.cpp */ = {isa = PBXFileReference; fileEncoding = 4; lastKnownFileType = sourcecode.cpp.cpp; name = ablockdropeventprocessor.cpp; path = Blockout/tgame/ablockdropeventprocessor.cpp; sourceTree = "<group>"; };
		AEA6DE461BF0E7610012E88B /* ablockdropeventprocessor.h */ = {isa = PBXFileReference; fileEncoding = 4; lastKnownFileType = sourcecode.c.h; name = ablockdropeventprocessor.h; path = Blockout/tgame/ablockdropeventprocessor.h; sourceTree = "<group>"; };
		AEA6DE491BF0F15E0012E88B /* ablockmoveeventprocessor.cpp */ = {isa = PBXFileReference; fileEncoding = 4; lastKnownFileType = sourcecode.cpp.cpp; name = ablockmoveeventprocessor.cpp; path = Blockout/tgame/ablockmoveeventprocessor.cpp; sourceTree = "<group>"; };
		AEA6DE4A1BF0F15E0012E88B /* ablockmoveeventprocessor.h */ = {isa = PBXFileReference; fileEncoding = 4; lastKnownFileType = sourcecode.c.h; name = ablockmoveeventprocessor.h; path = Blockout/tgame/ablockmoveeventprocessor.h; sourceTree = "<group>"; };
		AEA6DE4C1BF0F8570012E88B /* ablockrotateeventprocessor.cpp */ = {isa = PBXFileReference; fileEncoding = 4; lastKnownFileType = sourcecode.cpp.cpp; name = ablockrotateeventprocessor.cpp; path = Blockout/tgame/ablockrotateeventprocessor.cpp; sourceTree = "<group>"; };
		AEA6DE4D1BF0F8570012E88B /* ablockrotateeventprocessor.h */ = {isa = PBXFileReference; fileEncoding = 4; lastKnownFileType = sourcecode.c.h; name = ablockrotateeventprocessor.h; path = Blockout/tgame/ablockrotateeventprocessor.h; sourceTree = "<group>"; };
		B732726416AB20C2001DE602 /* Blockout.app */ = {isa = PBXFileReference; explicitFileType = wrapper.application; includeInIndex = 0; path = Blockout.app; sourceTree = BUILT_PRODUCTS_DIR; };
		B732726816AB20C2001DE602 /* Cocoa.framework */ = {isa = PBXFileReference; lastKnownFileType = wrapper.framework; name = Cocoa.framework; path = System/Library/Frameworks/Cocoa.framework; sourceTree = SDKROOT; };
		B732726B16AB20C2001DE602 /* AppKit.framework */ = {isa = PBXFileReference; lastKnownFileType = wrapper.framework; name = AppKit.framework; path = System/Library/Frameworks/AppKit.framework; sourceTree = SDKROOT; };
		B732726C16AB20C2001DE602 /* CoreData.framework */ = {isa = PBXFileReference; lastKnownFileType = wrapper.framework; name = CoreData.framework; path = System/Library/Frameworks/CoreData.framework; sourceTree = SDKROOT; };
		B732726D16AB20C2001DE602 /* Foundation.framework */ = {isa = PBXFileReference; lastKnownFileType = wrapper.framework; name = Foundation.framework; path = System/Library/Frameworks/Foundation.framework; sourceTree = SDKROOT; };
		B732727016AB20C2001DE602 /* Blockout-Info.plist */ = {isa = PBXFileReference; lastKnownFileType = text.plist.xml; path = "Blockout-Info.plist"; sourceTree = "<group>"; };
		B732727216AB20C2001DE602 /* en */ = {isa = PBXFileReference; lastKnownFileType = text.plist.strings; name = en; path = en.lproj/InfoPlist.strings; sourceTree = "<group>"; };
		B732727416AB20C2001DE602 /* main.m */ = {isa = PBXFileReference; lastKnownFileType = sourcecode.c.objc; path = main.m; sourceTree = "<group>"; };
		B732727616AB20C2001DE602 /* Blockout-Prefix.pch */ = {isa = PBXFileReference; lastKnownFileType = sourcecode.c.h; path = "Blockout-Prefix.pch"; sourceTree = "<group>"; };
		B732727816AB20C2001DE602 /* en */ = {isa = PBXFileReference; lastKnownFileType = text.rtf; name = en; path = en.lproj/Credits.rtf; sourceTree = "<group>"; };
		B732727A16AB20C2001DE602 /* AAppDelegate.h */ = {isa = PBXFileReference; lastKnownFileType = sourcecode.c.h; path = AAppDelegate.h; sourceTree = "<group>"; };
		B732727B16AB20C2001DE602 /* AAppDelegate.mm */ = {isa = PBXFileReference; lastKnownFileType = sourcecode.cpp.objcpp; path = AAppDelegate.mm; sourceTree = "<group>"; };
		B732728516AB2507001DE602 /* ARenderView.h */ = {isa = PBXFileReference; fileEncoding = 4; lastKnownFileType = sourcecode.c.h; path = ARenderView.h; sourceTree = "<group>"; };
		B732728616AB2507001DE602 /* ARenderView.mm */ = {isa = PBXFileReference; fileEncoding = 4; lastKnownFileType = sourcecode.cpp.objcpp; path = ARenderView.mm; sourceTree = "<group>"; };
		B7ECFF5116AD422F00946E91 /* en */ = {isa = PBXFileReference; lastKnownFileType = file.xib; name = en; path = en.lproj/Blockout.xib; sourceTree = "<group>"; };
		B7ECFF5416AD42C500946E91 /* OpenGL.framework */ = {isa = PBXFileReference; lastKnownFileType = wrapper.framework; name = OpenGL.framework; path = System/Library/Frameworks/OpenGL.framework; sourceTree = SDKROOT; };
/* End PBXFileReference section */

/* Begin PBXFrameworksBuildPhase section */
		4C84B3821824EE8500EFD26A /* Frameworks */ = {
			isa = PBXFrameworksBuildPhase;
			buildActionMask = 2147483647;
			files = (
			);
			runOnlyForDeploymentPostprocessing = 0;
		};
		B732726116AB20C2001DE602 /* Frameworks */ = {
			isa = PBXFrameworksBuildPhase;
			buildActionMask = 2147483647;
			files = (
				B732726916AB20C2001DE602 /* Cocoa.framework in Frameworks */,
				4C84B4471824F06000EFD26A /* libtgame.a in Frameworks */,
				B7ECFF5516AD42C500946E91 /* OpenGL.framework in Frameworks */,
			);
			runOnlyForDeploymentPostprocessing = 0;
		};
/* End PBXFrameworksBuildPhase section */

/* Begin PBXGroup section */
		4C580AB21955B08A000E71E6 /* System */ = {
			isa = PBXGroup;
			children = (
				4C580B1F1955B0FB000E71E6 /* akeyboardevents.h */,
				4C580B1E1955B0FB000E71E6 /* akeyboardevents.cpp */,
				4CBFB5AC19596A28002D7249 /* keymaps.h */,
			);
			name = System;
			sourceTree = "<group>";
		};
		4C8000F616BD43FD008B1E74 /* Render */ = {
			isa = PBXGroup;
			children = (
				4CBFB5B619598F51002D7249 /* RenderTypes */,
				4CAF5A6016E647A600E04427 /* ObjectsToRender */,
				4CEA40E116CFB08400A678B5 /* Texture */,
				4CF3043B1949ECCA0092A63D /* adrawbasics.cpp */,
				4CF3043C1949ECCA0092A63D /* adrawbasics.h */,
				4CF304031949EC5F0092A63D /* aoglwrapper.cpp */,
				4CF304041949EC5F0092A63D /* aoglwrapper.h */,
				4CF304051949EC5F0092A63D /* aopenglstate.cpp */,
				4CF304061949EC5F0092A63D /* aopenglstate.h */,
			);
			name = Render;
			sourceTree = "<group>";
		};
		4C923D0916C45321008EDA5C /* MainObjects */ = {
			isa = PBXGroup;
			children = (
				4CBFB5B219598633002D7249 /* adatastorage.cpp */,
				4CBFB5B319598633002D7249 /* adatastorage.h */,
				4CF304571949ED220092A63D /* acrafter.cpp */,
				4CF304581949ED220092A63D /* acrafter.h */,
				4CF3040B1949EC720092A63D /* alogic.cpp */,
				4CF3040C1949EC720092A63D /* alogic.h */,
			);
			name = MainObjects;
			sourceTree = "<group>";
		};
		4CAF5A6016E647A600E04427 /* ObjectsToRender */ = {
			isa = PBXGroup;
			children = (
				4CF3044F1949ED110092A63D /* arobject.cpp */,
				4CF304501949ED110092A63D /* arobject.h */,
				4CF3043F1949ED030092A63D /* ablock.cpp */,
				4CF304401949ED030092A63D /* ablock.h */,
				4CF304411949ED030092A63D /* acoloredblock.cpp */,
				4CF304421949ED030092A63D /* acoloredblock.h */,
				4CF304431949ED030092A63D /* asolidblock.cpp */,
				4CF304441949ED030092A63D /* asolidblock.h */,
				4CF304451949ED030092A63D /* atexturedblock.cpp */,
				4CF304461949ED030092A63D /* atexturedblock.h */,
				4CF304511949ED110092A63D /* awell.cpp */,
				4CF304521949ED110092A63D /* awell.h */,
			);
			name = ObjectsToRender;
			sourceTree = "<group>";
		};
		4CBFB5AD195980F0002D7249 /* Data */ = {
			isa = PBXGroup;
			children = (
				4CF304231949ECA70092A63D /* aformation.cpp */,
				4CF304241949ECA70092A63D /* aformation.h */,
				4CF304251949ECA70092A63D /* aformationfactory.cpp */,
				4CF304261949ECA70092A63D /* aformationfactory.h */,
			);
			name = Data;
			sourceTree = "<group>";
		};
		4CBFB5B619598F51002D7249 /* RenderTypes */ = {
			isa = PBXGroup;
			children = (
				4CF3040F1949EC8B0092A63D /* acolor.cpp */,
				4CF304101949EC8B0092A63D /* acolor.h */,
				4CF304111949EC8B0092A63D /* apoint.cpp */,
				4CF304121949EC8B0092A63D /* apoint.h */,
				4CF304131949EC8B0092A63D /* apoint2d.cpp */,
				4CF304141949EC8B0092A63D /* apoint2d.h */,
				4CF304151949EC8B0092A63D /* avector.cpp */,
				4CF304161949EC8B0092A63D /* avector.h */,
				4CBFB5B8195B202C002D7249 /* amatrix.cpp */,
				4CBFB5B9195B202C002D7249 /* amatrix.h */,
				4CF3041F1949EC980092A63D /* adataliner.cpp */,
				4CF304201949EC980092A63D /* adataliner.h */,
			);
			name = RenderTypes;
			sourceTree = "<group>";
		};
		4CC8217B16D7A3100090CE07 /* Resources */ = {
			isa = PBXGroup;
			children = (
				4C580AB01955A647000E71E6 /* image.tga */,
				4CC8218216D7A52A0090CE07 /* celtic.png */,
				4CB3AF4216EB3C0B002DE363 /* celtic.tga */,
				4CC8218316D7A52A0090CE07 /* marble.png */,
				4CC8218416D7A52A0090CE07 /* recycled.png */,
			);
			name = Resources;
			sourceTree = "<group>";
		};
		4CC929CC1B2A0B1F0010DEF5 /* Blocks */ = {
			isa = PBXGroup;
			children = (
				4C3CC4061B25AED6002D540A /* ablockoperations.h */,
				4C3CC4051B25AED6002D540A /* ablockoperations.cpp */,
				4C3CC40A1B25B4C7002D540A /* afrustumborder.h */,
				4C3CC4091B25B4C7002D540A /* afrustumborder.cpp */,
			);
			name = Blocks;
			sourceTree = "<group>";
		};
		4CEA40E116CFB08400A678B5 /* Texture */ = {
			isa = PBXGroup;
			children = (
				4CF304311949ECB90092A63D /* atga.cpp */,
				4CF304321949ECB90092A63D /* atga.h */,
				4CF3042B1949ECB90092A63D /* aimage.cpp */,
				4CF3042C1949ECB90092A63D /* aimage.h */,
				4CF3042D1949ECB90092A63D /* atexture.cpp */,
				4CF3042E1949ECB90092A63D /* atexture.h */,
				4CF3042F1949ECB90092A63D /* atexturemanager.cpp */,
				4CF304301949ECB90092A63D /* atexturemanager.h */,
			);
			name = Texture;
			sourceTree = "<group>";
		};
		AE0A7D101BF234FE00D5A589 /* Bundle */ = {
			isa = PBXGroup;
			children = (
				AE51D1E91BF4E08A00BFFB03 /* abundleprotocol.h */,
				AE0A7D121BF2352700D5A589 /* abundle.h */,
				AE0A7D111BF2352700D5A589 /* abundle.cpp */,
				AE51D1ED1BF4E20400BFFB03 /* amacbundle.h */,
				AE51D1EC1BF4E20400BFFB03 /* amacbundle.mm */,
			);
			name = Bundle;
			sourceTree = "<group>";
		};
		AE9E2FEA1BFCB78300ECACDC /* GameSteps */ = {
			isa = PBXGroup;
			children = (
				AE9E2FF41BFCB8FF00ECACDC /* Steps */,
				AE9E2FEC1BFCB7A400ECACDC /* agamestepscontroller.h */,
				AE9E2FEB1BFCB7A400ECACDC /* agamestepscontroller.cpp */,
			);
			name = GameSteps;
			sourceTree = "<group>";
		};
		AE9E2FF41BFCB8FF00ECACDC /* Steps */ = {
			isa = PBXGroup;
			children = (
				AE9E2FF31BFCB8E700ECACDC /* agamestepprotocol.h */,
				AE9E2FF01BFCB88200ECACDC /* adropdownblockgamestep.h */,
				AE9E2FEF1BFCB88200ECACDC /* adropdownblockgamestep.cpp */,
			);
			name = Steps;
			sourceTree = "<group>";
		};
		AEA6DE481BF0EAF70012E88B /* UserInputEventsProcessors */ = {
			isa = PBXGroup;
			children = (
				AEA6DE4A1BF0F15E0012E88B /* ablockmoveeventprocessor.h */,
				AEA6DE491BF0F15E0012E88B /* ablockmoveeventprocessor.cpp */,
				AEA6DE4D1BF0F8570012E88B /* ablockrotateeventprocessor.h */,
				AEA6DE4C1BF0F8570012E88B /* ablockrotateeventprocessor.cpp */,
				AEA6DE461BF0E7610012E88B /* ablockdropeventprocessor.h */,
				AEA6DE451BF0E7610012E88B /* ablockdropeventprocessor.cpp */,
				4C580B231955B747000E71E6 /* agameeventdelegate.h */,
				4C580B221955B747000E71E6 /* agameeventdelegate.cpp */,
			);
			name = UserInputEventsProcessors;
			sourceTree = "<group>";
		};
		B732725916AB20C2001DE602 = {
			isa = PBXGroup;
			children = (
				4C7C09DA194726640081B310 /* notes.txt */,
				4CC85D6E16C409A600B961AB /* readme.txt */,
				B7ECFF5D16AD5F1800946E91 /* TGame */,
				B732726E16AB20C2001DE602 /* Application */,
				4CC8217B16D7A3100090CE07 /* Resources */,
				B732726716AB20C2001DE602 /* Frameworks */,
				B732726516AB20C2001DE602 /* Products */,
				B732726F16AB20C2001DE602 /* Supporting Files */,
			);
			sourceTree = "<group>";
		};
		B732726516AB20C2001DE602 /* Products */ = {
			isa = PBXGroup;
			children = (
				B732726416AB20C2001DE602 /* Blockout.app */,
				4C84B3851824EE8500EFD26A /* libtgame.a */,
			);
			name = Products;
			sourceTree = "<group>";
		};
		B732726716AB20C2001DE602 /* Frameworks */ = {
			isa = PBXGroup;
			children = (
				B732726B16AB20C2001DE602 /* AppKit.framework */,
				B732726816AB20C2001DE602 /* Cocoa.framework */,
				B732726C16AB20C2001DE602 /* CoreData.framework */,
				B732726D16AB20C2001DE602 /* Foundation.framework */,
				B7ECFF5416AD42C500946E91 /* OpenGL.framework */,
			);
			name = Frameworks;
			sourceTree = "<group>";
		};
		B732726E16AB20C2001DE602 /* Application */ = {
			isa = PBXGroup;
			children = (
				B732727A16AB20C2001DE602 /* AAppDelegate.h */,
				B732727B16AB20C2001DE602 /* AAppDelegate.mm */,
				B732728516AB2507001DE602 /* ARenderView.h */,
				B732728616AB2507001DE602 /* ARenderView.mm */,
				B7ECFF5016AD422F00946E91 /* Blockout.xib */,
				B732727416AB20C2001DE602 /* main.m */,
			);
			name = Application;
			path = Blockout;
			sourceTree = "<group>";
		};
		B732726F16AB20C2001DE602 /* Supporting Files */ = {
			isa = PBXGroup;
			children = (
				B732727016AB20C2001DE602 /* Blockout-Info.plist */,
				B732727616AB20C2001DE602 /* Blockout-Prefix.pch */,
				B732727716AB20C2001DE602 /* Credits.rtf */,
				B732727116AB20C2001DE602 /* InfoPlist.strings */,
			);
			name = "Supporting Files";
			path = Blockout;
			sourceTree = "<group>";
		};
		B7ECFF5D16AD5F1800946E91 /* TGame */ = {
			isa = PBXGroup;
			children = (
				AE0A7D101BF234FE00D5A589 /* Bundle */,
				AE9E2FEA1BFCB78300ECACDC /* GameSteps */,
				4C923D0916C45321008EDA5C /* MainObjects */,
				4CC929CC1B2A0B1F0010DEF5 /* Blocks */,
				4C8000F616BD43FD008B1E74 /* Render */,
				4CBFB5AD195980F0002D7249 /* Data */,
				AEA6DE481BF0EAF70012E88B /* UserInputEventsProcessors */,
				4C580AB21955B08A000E71E6 /* System */,
				4CF3045B1949ED340092A63D /* ablockout.cpp */,
				4CF3045C1949ED340092A63D /* ablockout.h */,
				4CF304651949ED540092A63D /* blockoutdebug.h */,
				4CF3045D1949ED340092A63D /* blockoutdebug.cpp */,
				4CF3045F1949ED340092A63D /* blockouttypes.h */,
			);
			name = TGame;
			sourceTree = "<group>";
		};
/* End PBXGroup section */

/* Begin PBXHeadersBuildPhase section */
		4C84B3831824EE8500EFD26A /* Headers */ = {
			isa = PBXHeadersBuildPhase;
			buildActionMask = 2147483647;
			files = (
				4CF304221949EC980092A63D /* adataliner.h in Headers */,
				4C580B251955B747000E71E6 /* agameeventdelegate.h in Headers */,
				4CF3043E1949ECCA0092A63D /* adrawbasics.h in Headers */,
				4CF304641949ED340092A63D /* blockouttypes.h in Headers */,
				4CF304541949ED110092A63D /* arobject.h in Headers */,
				4CF3044C1949ED030092A63D /* asolidblock.h in Headers */,
				4CF304481949ED030092A63D /* ablock.h in Headers */,
				4CF304281949ECA70092A63D /* aformation.h in Headers */,
				4CF304361949ECB90092A63D /* atexture.h in Headers */,
				4CF304661949ED540092A63D /* blockoutdebug.h in Headers */,
				4CF3041E1949EC8B0092A63D /* avector.h in Headers */,
				AE9E2FF21BFCB88200ECACDC /* adropdownblockgamestep.h in Headers */,
				4CF3041A1949EC8B0092A63D /* apoint.h in Headers */,
				AE9E2FEE1BFCB7A400ECACDC /* agamestepscontroller.h in Headers */,
				4CF3042A1949ECA70092A63D /* aformationfactory.h in Headers */,
				4CF304181949EC8B0092A63D /* acolor.h in Headers */,
				4CF3040A1949EC5F0092A63D /* aopenglstate.h in Headers */,
				4C3CC40C1B25B4C7002D540A /* afrustumborder.h in Headers */,
				4CF304341949ECB90092A63D /* aimage.h in Headers */,
				4CF3040E1949EC720092A63D /* alogic.h in Headers */,
				4CF304611949ED340092A63D /* ablockout.h in Headers */,
				AE0A7D141BF2352700D5A589 /* abundle.h in Headers */,
				4CF304561949ED110092A63D /* awell.h in Headers */,
				4C580B211955B0FB000E71E6 /* akeyboardevents.h in Headers */,
				AE51D1EB1BF4E08A00BFFB03 /* abundleprotocol.h in Headers */,
				4CBFB5B519598633002D7249 /* adatastorage.h in Headers */,
				4CF3041C1949EC8B0092A63D /* apoint2d.h in Headers */,
				4CF3043A1949ECB90092A63D /* atga.h in Headers */,
				4CF304381949ECB90092A63D /* atexturemanager.h in Headers */,
				4CF3045A1949ED220092A63D /* acrafter.h in Headers */,
				4CF304081949EC5F0092A63D /* aoglwrapper.h in Headers */,
				4CF3044E1949ED030092A63D /* atexturedblock.h in Headers */,
				AE51D1EF1BF4E20400BFFB03 /* amacbundle.h in Headers */,
				4CF3044A1949ED030092A63D /* acoloredblock.h in Headers */,
				4CBFB5BB195B202C002D7249 /* amatrix.h in Headers */,
			);
			runOnlyForDeploymentPostprocessing = 0;
		};
/* End PBXHeadersBuildPhase section */

/* Begin PBXNativeTarget section */
		4C84B3841824EE8500EFD26A /* tgame */ = {
			isa = PBXNativeTarget;
			buildConfigurationList = 4C84B3881824EE8500EFD26A /* Build configuration list for PBXNativeTarget "tgame" */;
			buildPhases = (
				4C84B3811824EE8500EFD26A /* Sources */,
				4C84B3821824EE8500EFD26A /* Frameworks */,
				4C84B3831824EE8500EFD26A /* Headers */,
			);
			buildRules = (
			);
			dependencies = (
			);
			name = tgame;
			productName = tgame;
			productReference = 4C84B3851824EE8500EFD26A /* libtgame.a */;
			productType = "com.apple.product-type.library.static";
		};
		B732726316AB20C2001DE602 /* Blockout */ = {
			isa = PBXNativeTarget;
			buildConfigurationList = B732728216AB20C3001DE602 /* Build configuration list for PBXNativeTarget "Blockout" */;
			buildPhases = (
				B732726016AB20C2001DE602 /* Sources */,
				B732726116AB20C2001DE602 /* Frameworks */,
				B732726216AB20C2001DE602 /* Resources */,
			);
			buildRules = (
			);
			dependencies = (
				4C84B4461824EFE000EFD26A /* PBXTargetDependency */,
			);
			name = Blockout;
			productName = Blockout;
			productReference = B732726416AB20C2001DE602 /* Blockout.app */;
			productType = "com.apple.product-type.application";
		};
/* End PBXNativeTarget section */

/* Begin PBXProject section */
		B732725B16AB20C2001DE602 /* Project object */ = {
			isa = PBXProject;
			attributes = {
				CLASSPREFIX = A;
				LastUpgradeCheck = 0710;
				ORGANIZATIONNAME = Landsknecht;
			};
			buildConfigurationList = B732725E16AB20C2001DE602 /* Build configuration list for PBXProject "Blockout" */;
			compatibilityVersion = "Xcode 3.2";
			developmentRegion = English;
			hasScannedForEncodings = 0;
			knownRegions = (
				en,
			);
			mainGroup = B732725916AB20C2001DE602;
			productRefGroup = B732726516AB20C2001DE602 /* Products */;
			projectDirPath = "";
			projectRoot = "";
			targets = (
				B732726316AB20C2001DE602 /* Blockout */,
				4C84B3841824EE8500EFD26A /* tgame */,
			);
		};
/* End PBXProject section */

/* Begin PBXResourcesBuildPhase section */
		B732726216AB20C2001DE602 /* Resources */ = {
			isa = PBXResourcesBuildPhase;
			buildActionMask = 2147483647;
			files = (
				4C7C09DB194726640081B310 /* notes.txt in Resources */,
				B7ECFF5216AD422F00946E91 /* Blockout.xib in Resources */,
				4C580AB11955A647000E71E6 /* image.tga in Resources */,
				4CC8218516D7A52A0090CE07 /* celtic.png in Resources */,
				4CB3AF4316EB3C0B002DE363 /* celtic.tga in Resources */,
				B732727916AB20C2001DE602 /* Credits.rtf in Resources */,
				B732727316AB20C2001DE602 /* InfoPlist.strings in Resources */,
				4CC8218616D7A52A0090CE07 /* marble.png in Resources */,
				4CC85D6F16C409A600B961AB /* readme.txt in Resources */,
				4CC8218716D7A52A0090CE07 /* recycled.png in Resources */,
			);
			runOnlyForDeploymentPostprocessing = 0;
		};
/* End PBXResourcesBuildPhase section */

/* Begin PBXSourcesBuildPhase section */
		4C84B3811824EE8500EFD26A /* Sources */ = {
			isa = PBXSourcesBuildPhase;
			buildActionMask = 2147483647;
			files = (
				4CF304091949EC5F0092A63D /* aopenglstate.cpp in Sources */,
				4CF304071949EC5F0092A63D /* aoglwrapper.cpp in Sources */,
				AEA6DE501BF1C7120012E88B /* ablockmoveeventprocessor.cpp in Sources */,
				4CF304351949ECB90092A63D /* atexture.cpp in Sources */,
				4CF304331949ECB90092A63D /* aimage.cpp in Sources */,
				4CF304591949ED220092A63D /* acrafter.cpp in Sources */,
				4CF304531949ED110092A63D /* arobject.cpp in Sources */,
				4CF304551949ED110092A63D /* awell.cpp in Sources */,
				AE9E2FF11BFCB88200ECACDC /* adropdownblockgamestep.cpp in Sources */,
				4C3CC4081B25AEDB002D540A /* ablockoperations.cpp in Sources */,
				4C580B201955B0FB000E71E6 /* akeyboardevents.cpp in Sources */,
				4CF304471949ED030092A63D /* ablock.cpp in Sources */,
				4CF304371949ECB90092A63D /* atexturemanager.cpp in Sources */,
				AEA6DE511BF1C7120012E88B /* ablockrotateeventprocessor.cpp in Sources */,
				4C580B261955B9EC000E71E6 /* agameeventdelegate.cpp in Sources */,
				4CF3041B1949EC8B0092A63D /* apoint2d.cpp in Sources */,
				4CF304211949EC980092A63D /* adataliner.cpp in Sources */,
				4CF3043D1949ECCA0092A63D /* adrawbasics.cpp in Sources */,
				4CBFB5BA195B202C002D7249 /* amatrix.cpp in Sources */,
				AE51D1EE1BF4E20400BFFB03 /* amacbundle.mm in Sources */,
				4CBFB5B419598633002D7249 /* adatastorage.cpp in Sources */,
				4CF304271949ECA70092A63D /* aformation.cpp in Sources */,
				4CF3044B1949ED030092A63D /* asolidblock.cpp in Sources */,
				4CF304391949ECB90092A63D /* atga.cpp in Sources */,
				AE9E2FED1BFCB7A400ECACDC /* agamestepscontroller.cpp in Sources */,
				4C3CC40B1B25B4C7002D540A /* afrustumborder.cpp in Sources */,
				4CF304601949ED340092A63D /* ablockout.cpp in Sources */,
				4CF304191949EC8B0092A63D /* apoint.cpp in Sources */,
				4CF3041D1949EC8B0092A63D /* avector.cpp in Sources */,
				4CF3040D1949EC720092A63D /* alogic.cpp in Sources */,
				4CF304171949EC8B0092A63D /* acolor.cpp in Sources */,
				4CF304621949ED340092A63D /* blockoutdebug.cpp in Sources */,
				AE0A7D131BF2352700D5A589 /* abundle.cpp in Sources */,
				AEA6DE521BF1C7120012E88B /* ablockdropeventprocessor.cpp in Sources */,
				4CF304491949ED030092A63D /* acoloredblock.cpp in Sources */,
				4CF3044D1949ED030092A63D /* atexturedblock.cpp in Sources */,
				4CF304291949ECA70092A63D /* aformationfactory.cpp in Sources */,
			);
			runOnlyForDeploymentPostprocessing = 0;
		};
		B732726016AB20C2001DE602 /* Sources */ = {
			isa = PBXSourcesBuildPhase;
			buildActionMask = 2147483647;
			files = (
				B732727C16AB20C2001DE602 /* AAppDelegate.mm in Sources */,
				B732728716AB2507001DE602 /* ARenderView.mm in Sources */,
				B732727516AB20C2001DE602 /* main.m in Sources */,
			);
			runOnlyForDeploymentPostprocessing = 0;
		};
/* End PBXSourcesBuildPhase section */

/* Begin PBXTargetDependency section */
		4C84B4461824EFE000EFD26A /* PBXTargetDependency */ = {
			isa = PBXTargetDependency;
			target = 4C84B3841824EE8500EFD26A /* tgame */;
			targetProxy = 4C84B4451824EFE000EFD26A /* PBXContainerItemProxy */;
		};
/* End PBXTargetDependency section */

/* Begin PBXVariantGroup section */
		B732727116AB20C2001DE602 /* InfoPlist.strings */ = {
			isa = PBXVariantGroup;
			children = (
				B732727216AB20C2001DE602 /* en */,
			);
			name = InfoPlist.strings;
			sourceTree = "<group>";
		};
		B732727716AB20C2001DE602 /* Credits.rtf */ = {
			isa = PBXVariantGroup;
			children = (
				B732727816AB20C2001DE602 /* en */,
			);
			name = Credits.rtf;
			sourceTree = "<group>";
		};
		B7ECFF5016AD422F00946E91 /* Blockout.xib */ = {
			isa = PBXVariantGroup;
			children = (
				B7ECFF5116AD422F00946E91 /* en */,
			);
			name = Blockout.xib;
			sourceTree = "<group>";
		};
/* End PBXVariantGroup section */

/* Begin XCBuildConfiguration section */
		4C84B3861824EE8500EFD26A /* Debug */ = {
			isa = XCBuildConfiguration;
			buildSettings = {
				CLANG_ENABLE_OBJC_ARC = YES;
				CLANG_WARN_BOOL_CONVERSION = YES;
				CLANG_WARN_CONSTANT_CONVERSION = YES;
				CLANG_WARN_DIRECT_OBJC_ISA_USAGE = YES_ERROR;
				CLANG_WARN_ENUM_CONVERSION = YES;
				CLANG_WARN_INT_CONVERSION = YES;
				CLANG_WARN_OBJC_ROOT_CLASS = YES_ERROR;
				COMBINE_HIDPI_IMAGES = YES;
				EXECUTABLE_PREFIX = lib;
				GCC_PREPROCESSOR_DEFINITIONS = (
					"DEBUG_LOG=1",
					"DEBUG=1",
					"$(inherited)",
				);
				GCC_WARN_ABOUT_RETURN_TYPE = YES_ERROR;
				GCC_WARN_UNDECLARED_SELECTOR = YES;
				GCC_WARN_UNUSED_FUNCTION = YES;
				MACOSX_DEPLOYMENT_TARGET = 10.9;
				PRODUCT_NAME = "$(TARGET_NAME)";
			};
			name = Debug;
		};
		4C84B3871824EE8500EFD26A /* Release */ = {
			isa = XCBuildConfiguration;
			buildSettings = {
				CLANG_ENABLE_OBJC_ARC = YES;
				CLANG_WARN_BOOL_CONVERSION = YES;
				CLANG_WARN_CONSTANT_CONVERSION = YES;
				CLANG_WARN_DIRECT_OBJC_ISA_USAGE = YES_ERROR;
				CLANG_WARN_ENUM_CONVERSION = YES;
				CLANG_WARN_INT_CONVERSION = YES;
				CLANG_WARN_OBJC_ROOT_CLASS = YES_ERROR;
				COMBINE_HIDPI_IMAGES = YES;
				ENABLE_NS_ASSERTIONS = NO;
				EXECUTABLE_PREFIX = lib;
				GCC_WARN_ABOUT_RETURN_TYPE = YES_ERROR;
				GCC_WARN_UNDECLARED_SELECTOR = YES;
				GCC_WARN_UNUSED_FUNCTION = YES;
				MACOSX_DEPLOYMENT_TARGET = 10.9;
				PRODUCT_NAME = "$(TARGET_NAME)";
			};
			name = Release;
		};
		B732728016AB20C3001DE602 /* Debug */ = {
			isa = XCBuildConfiguration;
			buildSettings = {
				ALWAYS_SEARCH_USER_PATHS = NO;
				CLANG_CXX_LANGUAGE_STANDARD = "gnu++0x";
				CLANG_CXX_LIBRARY = "libc++";
				CLANG_WARN_EMPTY_BODY = YES;
				CLANG_WARN__DUPLICATE_METHOD_MATCH = YES;
				COPY_PHASE_STRIP = NO;
				ENABLE_TESTABILITY = YES;
				GCC_C_LANGUAGE_STANDARD = gnu99;
				GCC_DYNAMIC_NO_PIC = NO;
				GCC_ENABLE_OBJC_EXCEPTIONS = YES;
				GCC_OPTIMIZATION_LEVEL = 0;
				GCC_PREPROCESSOR_DEFINITIONS = (
					"DEBUG=1",
					"$(inherited)",
				);
				GCC_SYMBOLS_PRIVATE_EXTERN = NO;
				GCC_WARN_64_TO_32_BIT_CONVERSION = YES;
				GCC_WARN_ABOUT_RETURN_TYPE = YES;
				GCC_WARN_UNINITIALIZED_AUTOS = YES;
				GCC_WARN_UNUSED_VARIABLE = YES;
				MACOSX_DEPLOYMENT_TARGET = 10.7;
				ONLY_ACTIVE_ARCH = YES;
				SDKROOT = macosx;
			};
			name = Debug;
		};
		B732728116AB20C3001DE602 /* Release */ = {
			isa = XCBuildConfiguration;
			buildSettings = {
				ALWAYS_SEARCH_USER_PATHS = NO;
				CLANG_CXX_LANGUAGE_STANDARD = "gnu++0x";
				CLANG_CXX_LIBRARY = "libc++";
				CLANG_WARN_EMPTY_BODY = YES;
				CLANG_WARN__DUPLICATE_METHOD_MATCH = YES;
				COPY_PHASE_STRIP = YES;
				DEBUG_INFORMATION_FORMAT = "dwarf-with-dsym";
				GCC_C_LANGUAGE_STANDARD = gnu99;
				GCC_ENABLE_OBJC_EXCEPTIONS = YES;
				GCC_WARN_64_TO_32_BIT_CONVERSION = YES;
				GCC_WARN_ABOUT_RETURN_TYPE = YES;
				GCC_WARN_UNINITIALIZED_AUTOS = YES;
				GCC_WARN_UNUSED_VARIABLE = YES;
				MACOSX_DEPLOYMENT_TARGET = 10.7;
				SDKROOT = macosx;
			};
			name = Release;
		};
		B732728316AB20C3001DE602 /* Debug */ = {
			isa = XCBuildConfiguration;
			buildSettings = {
				COMBINE_HIDPI_IMAGES = YES;
				GCC_PRECOMPILE_PREFIX_HEADER = YES;
				GCC_PREFIX_HEADER = "Blockout/Blockout-Prefix.pch";
				GCC_PREPROCESSOR_DEFINITIONS = (
					"DEBUG=1",
					"$(inherited)",
				);
				INFOPLIST_FILE = "Blockout/Blockout-Info.plist";
				PRODUCT_BUNDLE_IDENTIFIER = "Landsknecht.${PRODUCT_NAME:rfc1034identifier}";
				PRODUCT_NAME = "$(TARGET_NAME)";
				WRAPPER_EXTENSION = app;
			};
			name = Debug;
		};
		B732728416AB20C3001DE602 /* Release */ = {
			isa = XCBuildConfiguration;
			buildSettings = {
				COMBINE_HIDPI_IMAGES = YES;
				GCC_PRECOMPILE_PREFIX_HEADER = YES;
				GCC_PREFIX_HEADER = "Blockout/Blockout-Prefix.pch";
				INFOPLIST_FILE = "Blockout/Blockout-Info.plist";
				PRODUCT_BUNDLE_IDENTIFIER = "Landsknecht.${PRODUCT_NAME:rfc1034identifier}";
				PRODUCT_NAME = "$(TARGET_NAME)";
				WRAPPER_EXTENSION = app;
			};
			name = Release;
		};
/* End XCBuildConfiguration section */

/* Begin XCConfigurationList section */
		4C84B3881824EE8500EFD26A /* Build configuration list for PBXNativeTarget "tgame" */ = {
			isa = XCConfigurationList;
			buildConfigurations = (
				4C84B3861824EE8500EFD26A /* Debug */,
				4C84B3871824EE8500EFD26A /* Release */,
			);
			defaultConfigurationIsVisible = 0;
			defaultConfigurationName = Release;
		};
		B732725E16AB20C2001DE602 /* Build configuration list for PBXProject "Blockout" */ = {
			isa = XCConfigurationList;
			buildConfigurations = (
				B732728016AB20C3001DE602 /* Debug */,
				B732728116AB20C3001DE602 /* Release */,
			);
			defaultConfigurationIsVisible = 0;
			defaultConfigurationName = Release;
		};
		B732728216AB20C3001DE602 /* Build configuration list for PBXNativeTarget "Blockout" */ = {
			isa = XCConfigurationList;
			buildConfigurations = (
				B732728316AB20C3001DE602 /* Debug */,
				B732728416AB20C3001DE602 /* Release */,
			);
			defaultConfigurationIsVisible = 0;
			defaultConfigurationName = Release;
		};
/* End XCConfigurationList section */
	};
	rootObject = B732725B16AB20C2001DE602 /* Project object */;
}
