// !$*UTF8*$!
{
	archiveVersion = 1;
	classes = {
	};
	objectVersion = 46;
	objects = {

/* Begin PBXBuildFile section */
		4C14891316C53ED10014683F /* AFormation.cpp in Sources */ = {isa = PBXBuildFile; fileRef = 4C14891116C53ED10014683F /* AFormation.cpp */; };
		4C14891616C547130014683F /* ABlock.cpp in Sources */ = {isa = PBXBuildFile; fileRef = 4C14891416C547130014683F /* ABlock.cpp */; };
		4C1D72D116CFA41000C2DFB7 /* ASolidBlock.cpp in Sources */ = {isa = PBXBuildFile; fileRef = 4C1D72CF16CFA41000C2DFB7 /* ASolidBlock.cpp */; };
		4C52515D16CA88AC002A5B42 /* AFormationFactory.cpp in Sources */ = {isa = PBXBuildFile; fileRef = 4C52515B16CA88AC002A5B42 /* AFormationFactory.cpp */; };
		4C6FB0031716B1DB004F5E0E /* BlockoutDebug.cpp in Sources */ = {isa = PBXBuildFile; fileRef = 4C6FB0011716B1DB004F5E0E /* BlockoutDebug.cpp */; };
		4C8000E716BD2F12008B1E74 /* ABlockout.cpp in Sources */ = {isa = PBXBuildFile; fileRef = 4C8000E516BD2F12008B1E74 /* ABlockout.cpp */; };
		4C8000ED16BD2F27008B1E74 /* ACrafter.cpp in Sources */ = {isa = PBXBuildFile; fileRef = 4C8000E816BD2F27008B1E74 /* ACrafter.cpp */; };
		4C8000EE16BD2F27008B1E74 /* ADrawBasics.cpp in Sources */ = {isa = PBXBuildFile; fileRef = 4C8000EA16BD2F27008B1E74 /* ADrawBasics.cpp */; };
		4C8000F116BD3D35008B1E74 /* AWell.cpp in Sources */ = {isa = PBXBuildFile; fileRef = 4C8000EF16BD3D35008B1E74 /* AWell.cpp */; };
		4C80010016BD4F81008B1E74 /* ARObject.cpp in Sources */ = {isa = PBXBuildFile; fileRef = 4C8000FF16BD4F81008B1E74 /* ARObject.cpp */; };
		4C923D0516C444B0008EDA5C /* APoint.cpp in Sources */ = {isa = PBXBuildFile; fileRef = 4C923D0316C444B0008EDA5C /* APoint.cpp */; };
		4C923D0816C45319008EDA5C /* ALogic.cpp in Sources */ = {isa = PBXBuildFile; fileRef = 4C923D0616C45319008EDA5C /* ALogic.cpp */; };
		4CAF5A5F16E6374900E04427 /* AMacTimerWrapper.mm in Sources */ = {isa = PBXBuildFile; fileRef = 4CAF5A5E16E6374900E04427 /* AMacTimerWrapper.mm */; };
		4CB3AF4316EB3C0B002DE363 /* celtic.tga in Resources */ = {isa = PBXBuildFile; fileRef = 4CB3AF4216EB3C0B002DE363 /* celtic.tga */; };
		4CB4E65316BEA6F400CC9FA4 /* AVector.cpp in Sources */ = {isa = PBXBuildFile; fileRef = 4CB4E65116BEA6F400CC9FA4 /* AVector.cpp */; };
		4CC8218516D7A52A0090CE07 /* celtic.png in Resources */ = {isa = PBXBuildFile; fileRef = 4CC8218216D7A52A0090CE07 /* celtic.png */; };
		4CC8218616D7A52A0090CE07 /* marble.png in Resources */ = {isa = PBXBuildFile; fileRef = 4CC8218316D7A52A0090CE07 /* marble.png */; };
		4CC8218716D7A52A0090CE07 /* recycled.png in Resources */ = {isa = PBXBuildFile; fileRef = 4CC8218416D7A52A0090CE07 /* recycled.png */; };
		4CC8218A16D7ABC10090CE07 /* AMacTimer.mm in Sources */ = {isa = PBXBuildFile; fileRef = 4CC8218816D7ABC10090CE07 /* AMacTimer.mm */; };
		4CC85D6A16C3FE5400B961AB /* AColor.cpp in Sources */ = {isa = PBXBuildFile; fileRef = 4CC85D6816C3FE5400B961AB /* AColor.cpp */; };
		4CC85D6D16C4027100B961AB /* AOpenGLState.cpp in Sources */ = {isa = PBXBuildFile; fileRef = 4CC85D6B16C4027100B961AB /* AOpenGLState.cpp */; };
		4CC85D6F16C409A600B961AB /* readme.txt in Resources */ = {isa = PBXBuildFile; fileRef = 4CC85D6E16C409A600B961AB /* readme.txt */; };
		4CD68F1A16E87F5D005FD197 /* ATimer.mm in Sources */ = {isa = PBXBuildFile; fileRef = 4CD68F1916E87F5D005FD197 /* ATimer.mm */; };
		4CD68F1D16E89787005FD197 /* APoint2D.cpp in Sources */ = {isa = PBXBuildFile; fileRef = 4CD68F1B16E89787005FD197 /* APoint2D.cpp */; };
		4CD68F2016E8C592005FD197 /* ADataLiner.cpp in Sources */ = {isa = PBXBuildFile; fileRef = 4CD68F1E16E8C592005FD197 /* ADataLiner.cpp */; };
		4CEA40E016CFAFD500A678B5 /* ATexturedBlock.cpp in Sources */ = {isa = PBXBuildFile; fileRef = 4CEA40DE16CFAFD500A678B5 /* ATexturedBlock.cpp */; };
		4CEA40E816CFB09700A678B5 /* aimage.cpp in Sources */ = {isa = PBXBuildFile; fileRef = 4CEA40E216CFB09700A678B5 /* aimage.cpp */; };
		4CEA40E916CFB09700A678B5 /* atexture.cpp in Sources */ = {isa = PBXBuildFile; fileRef = 4CEA40E416CFB09700A678B5 /* atexture.cpp */; };
		4CEA40EA16CFB09700A678B5 /* atga.cpp in Sources */ = {isa = PBXBuildFile; fileRef = 4CEA40E616CFB09700A678B5 /* atga.cpp */; };
		B732726916AB20C2001DE602 /* Cocoa.framework in Frameworks */ = {isa = PBXBuildFile; fileRef = B732726816AB20C2001DE602 /* Cocoa.framework */; };
		B732727316AB20C2001DE602 /* InfoPlist.strings in Resources */ = {isa = PBXBuildFile; fileRef = B732727116AB20C2001DE602 /* InfoPlist.strings */; };
		B732727516AB20C2001DE602 /* main.m in Sources */ = {isa = PBXBuildFile; fileRef = B732727416AB20C2001DE602 /* main.m */; };
		B732727916AB20C2001DE602 /* Credits.rtf in Resources */ = {isa = PBXBuildFile; fileRef = B732727716AB20C2001DE602 /* Credits.rtf */; };
		B732727C16AB20C2001DE602 /* AAppDelegate.mm in Sources */ = {isa = PBXBuildFile; fileRef = B732727B16AB20C2001DE602 /* AAppDelegate.mm */; };
		B732728716AB2507001DE602 /* ARenderView.mm in Sources */ = {isa = PBXBuildFile; fileRef = B732728616AB2507001DE602 /* ARenderView.mm */; };
		B7ECFF5216AD422F00946E91 /* Blockout.xib in Resources */ = {isa = PBXBuildFile; fileRef = B7ECFF5016AD422F00946E91 /* Blockout.xib */; };
		B7ECFF5516AD42C500946E91 /* OpenGL.framework in Frameworks */ = {isa = PBXBuildFile; fileRef = B7ECFF5416AD42C500946E91 /* OpenGL.framework */; };
/* End PBXBuildFile section */

/* Begin PBXFileReference section */
		4C14891116C53ED10014683F /* AFormation.cpp */ = {isa = PBXFileReference; fileEncoding = 4; lastKnownFileType = sourcecode.cpp.cpp; name = AFormation.cpp; path = Blockout/AFormation.cpp; sourceTree = "<group>"; };
		4C14891216C53ED10014683F /* AFormation.h */ = {isa = PBXFileReference; fileEncoding = 4; lastKnownFileType = sourcecode.c.h; name = AFormation.h; path = Blockout/AFormation.h; sourceTree = "<group>"; };
		4C14891416C547130014683F /* ABlock.cpp */ = {isa = PBXFileReference; fileEncoding = 4; lastKnownFileType = sourcecode.cpp.cpp; name = ABlock.cpp; path = Blockout/ABlock.cpp; sourceTree = "<group>"; };
		4C14891516C547130014683F /* ABlock.h */ = {isa = PBXFileReference; fileEncoding = 4; lastKnownFileType = sourcecode.c.h; name = ABlock.h; path = Blockout/ABlock.h; sourceTree = "<group>"; };
		4C1D72CF16CFA41000C2DFB7 /* ASolidBlock.cpp */ = {isa = PBXFileReference; fileEncoding = 4; lastKnownFileType = sourcecode.cpp.cpp; name = ASolidBlock.cpp; path = Blockout/ASolidBlock.cpp; sourceTree = "<group>"; };
		4C1D72D016CFA41000C2DFB7 /* ASolidBlock.h */ = {isa = PBXFileReference; fileEncoding = 4; lastKnownFileType = sourcecode.c.h; name = ASolidBlock.h; path = Blockout/ASolidBlock.h; sourceTree = "<group>"; };
		4C52515916CA7B1B002A5B42 /* BlockoutTypes.h */ = {isa = PBXFileReference; fileEncoding = 4; lastKnownFileType = sourcecode.c.h; name = BlockoutTypes.h; path = Blockout/BlockoutTypes.h; sourceTree = "<group>"; };
		4C52515B16CA88AC002A5B42 /* AFormationFactory.cpp */ = {isa = PBXFileReference; fileEncoding = 4; lastKnownFileType = sourcecode.cpp.cpp; name = AFormationFactory.cpp; path = Blockout/AFormationFactory.cpp; sourceTree = "<group>"; };
		4C52515C16CA88AC002A5B42 /* AFormationFactory.h */ = {isa = PBXFileReference; fileEncoding = 4; lastKnownFileType = sourcecode.c.h; name = AFormationFactory.h; path = Blockout/AFormationFactory.h; sourceTree = "<group>"; };
		4C6FB0011716B1DB004F5E0E /* BlockoutDebug.cpp */ = {isa = PBXFileReference; fileEncoding = 4; lastKnownFileType = sourcecode.cpp.cpp; name = BlockoutDebug.cpp; path = Blockout/BlockoutDebug.cpp; sourceTree = "<group>"; };
		4C6FB0021716B1DB004F5E0E /* BlockoutDebug.h */ = {isa = PBXFileReference; fileEncoding = 4; lastKnownFileType = sourcecode.c.h; name = BlockoutDebug.h; path = Blockout/BlockoutDebug.h; sourceTree = "<group>"; };
		4C8000E516BD2F12008B1E74 /* ABlockout.cpp */ = {isa = PBXFileReference; fileEncoding = 4; lastKnownFileType = sourcecode.cpp.cpp; name = ABlockout.cpp; path = Blockout/ABlockout.cpp; sourceTree = "<group>"; };
		4C8000E616BD2F12008B1E74 /* ABlockout.h */ = {isa = PBXFileReference; fileEncoding = 4; lastKnownFileType = sourcecode.c.h; name = ABlockout.h; path = Blockout/ABlockout.h; sourceTree = "<group>"; };
		4C8000E816BD2F27008B1E74 /* ACrafter.cpp */ = {isa = PBXFileReference; fileEncoding = 4; lastKnownFileType = sourcecode.cpp.cpp; name = ACrafter.cpp; path = Blockout/ACrafter.cpp; sourceTree = "<group>"; };
		4C8000E916BD2F27008B1E74 /* ACrafter.h */ = {isa = PBXFileReference; fileEncoding = 4; lastKnownFileType = sourcecode.c.h; name = ACrafter.h; path = Blockout/ACrafter.h; sourceTree = "<group>"; };
		4C8000EA16BD2F27008B1E74 /* ADrawBasics.cpp */ = {isa = PBXFileReference; fileEncoding = 4; lastKnownFileType = sourcecode.cpp.cpp; name = ADrawBasics.cpp; path = Blockout/ADrawBasics.cpp; sourceTree = "<group>"; };
		4C8000EB16BD2F27008B1E74 /* ADrawBasics.h */ = {isa = PBXFileReference; fileEncoding = 4; lastKnownFileType = sourcecode.c.h; name = ADrawBasics.h; path = Blockout/ADrawBasics.h; sourceTree = "<group>"; };
		4C8000EC16BD2F27008B1E74 /* DrawTypes.h */ = {isa = PBXFileReference; fileEncoding = 4; lastKnownFileType = sourcecode.c.h; name = DrawTypes.h; path = Blockout/DrawTypes.h; sourceTree = "<group>"; };
		4C8000EF16BD3D35008B1E74 /* AWell.cpp */ = {isa = PBXFileReference; fileEncoding = 4; lastKnownFileType = sourcecode.cpp.cpp; name = AWell.cpp; path = Blockout/AWell.cpp; sourceTree = "<group>"; };
		4C8000F016BD3D35008B1E74 /* AWell.h */ = {isa = PBXFileReference; fileEncoding = 4; lastKnownFileType = sourcecode.c.h; name = AWell.h; path = Blockout/AWell.h; sourceTree = "<group>"; };
		4C8000F416BD43F7008B1E74 /* ARObject.h */ = {isa = PBXFileReference; fileEncoding = 4; lastKnownFileType = sourcecode.c.h; name = ARObject.h; path = Blockout/ARObject.h; sourceTree = "<group>"; };
		4C8000FF16BD4F81008B1E74 /* ARObject.cpp */ = {isa = PBXFileReference; fileEncoding = 4; lastKnownFileType = sourcecode.cpp.cpp; name = ARObject.cpp; path = Blockout/ARObject.cpp; sourceTree = "<group>"; };
		4C923D0316C444B0008EDA5C /* APoint.cpp */ = {isa = PBXFileReference; fileEncoding = 4; lastKnownFileType = sourcecode.cpp.cpp; name = APoint.cpp; path = Blockout/APoint.cpp; sourceTree = "<group>"; };
		4C923D0416C444B0008EDA5C /* APoint.h */ = {isa = PBXFileReference; fileEncoding = 4; lastKnownFileType = sourcecode.c.h; name = APoint.h; path = Blockout/APoint.h; sourceTree = "<group>"; };
		4C923D0616C45319008EDA5C /* ALogic.cpp */ = {isa = PBXFileReference; fileEncoding = 4; lastKnownFileType = sourcecode.cpp.cpp; name = ALogic.cpp; path = Blockout/ALogic.cpp; sourceTree = "<group>"; };
		4C923D0716C45319008EDA5C /* ALogic.h */ = {isa = PBXFileReference; fileEncoding = 4; lastKnownFileType = sourcecode.c.h; name = ALogic.h; path = Blockout/ALogic.h; sourceTree = "<group>"; };
		4CAF5A5D16E6374900E04427 /* AMacTimerWrapper.h */ = {isa = PBXFileReference; fileEncoding = 4; lastKnownFileType = sourcecode.c.h; name = AMacTimerWrapper.h; path = Blockout/AMacTimerWrapper.h; sourceTree = "<group>"; };
		4CAF5A5E16E6374900E04427 /* AMacTimerWrapper.mm */ = {isa = PBXFileReference; fileEncoding = 4; lastKnownFileType = sourcecode.cpp.objcpp; name = AMacTimerWrapper.mm; path = Blockout/AMacTimerWrapper.mm; sourceTree = "<group>"; };
		4CB3AF4216EB3C0B002DE363 /* celtic.tga */ = {isa = PBXFileReference; lastKnownFileType = file; name = celtic.tga; path = Blockout/resources/celtic.tga; sourceTree = "<group>"; };
		4CB4E65116BEA6F400CC9FA4 /* AVector.cpp */ = {isa = PBXFileReference; fileEncoding = 4; lastKnownFileType = sourcecode.cpp.cpp; name = AVector.cpp; path = Blockout/AVector.cpp; sourceTree = "<group>"; };
		4CB4E65216BEA6F400CC9FA4 /* AVector.h */ = {isa = PBXFileReference; fileEncoding = 4; lastKnownFileType = sourcecode.c.h; name = AVector.h; path = Blockout/AVector.h; sourceTree = "<group>"; };
		4CC8218216D7A52A0090CE07 /* celtic.png */ = {isa = PBXFileReference; lastKnownFileType = image.png; name = celtic.png; path = Blockout/resources/celtic.png; sourceTree = "<group>"; };
		4CC8218316D7A52A0090CE07 /* marble.png */ = {isa = PBXFileReference; lastKnownFileType = image.png; name = marble.png; path = Blockout/resources/marble.png; sourceTree = "<group>"; };
		4CC8218416D7A52A0090CE07 /* recycled.png */ = {isa = PBXFileReference; lastKnownFileType = image.png; name = recycled.png; path = Blockout/resources/recycled.png; sourceTree = "<group>"; };
		4CC8218816D7ABC10090CE07 /* AMacTimer.mm */ = {isa = PBXFileReference; fileEncoding = 4; lastKnownFileType = sourcecode.cpp.objcpp; name = AMacTimer.mm; path = Blockout/AMacTimer.mm; sourceTree = "<group>"; };
		4CC8218916D7ABC10090CE07 /* AMacTimer.h */ = {isa = PBXFileReference; fileEncoding = 4; lastKnownFileType = sourcecode.c.h; name = AMacTimer.h; path = Blockout/AMacTimer.h; sourceTree = "<group>"; };
		4CC8218C16D7AE490090CE07 /* AFireObject.h */ = {isa = PBXFileReference; fileEncoding = 4; lastKnownFileType = sourcecode.c.h; name = AFireObject.h; path = Blockout/AFireObject.h; sourceTree = "<group>"; };
		4CC85D6816C3FE5400B961AB /* AColor.cpp */ = {isa = PBXFileReference; fileEncoding = 4; lastKnownFileType = sourcecode.cpp.cpp; name = AColor.cpp; path = Blockout/AColor.cpp; sourceTree = "<group>"; };
		4CC85D6916C3FE5400B961AB /* AColor.h */ = {isa = PBXFileReference; fileEncoding = 4; lastKnownFileType = sourcecode.c.h; name = AColor.h; path = Blockout/AColor.h; sourceTree = "<group>"; };
		4CC85D6B16C4027100B961AB /* AOpenGLState.cpp */ = {isa = PBXFileReference; fileEncoding = 4; lastKnownFileType = sourcecode.cpp.cpp; name = AOpenGLState.cpp; path = Blockout/AOpenGLState.cpp; sourceTree = "<group>"; };
		4CC85D6C16C4027100B961AB /* AOpenGLState.h */ = {isa = PBXFileReference; fileEncoding = 4; lastKnownFileType = sourcecode.c.h; name = AOpenGLState.h; path = Blockout/AOpenGLState.h; sourceTree = "<group>"; };
		4CC85D6E16C409A600B961AB /* readme.txt */ = {isa = PBXFileReference; fileEncoding = 4; lastKnownFileType = text; path = readme.txt; sourceTree = "<group>"; };
		4CD68F1816E87F5D005FD197 /* ATimer.h */ = {isa = PBXFileReference; fileEncoding = 4; lastKnownFileType = sourcecode.c.h; name = ATimer.h; path = Blockout/ATimer.h; sourceTree = "<group>"; };
		4CD68F1916E87F5D005FD197 /* ATimer.mm */ = {isa = PBXFileReference; fileEncoding = 4; lastKnownFileType = sourcecode.cpp.objcpp; name = ATimer.mm; path = Blockout/ATimer.mm; sourceTree = "<group>"; };
		4CD68F1B16E89787005FD197 /* APoint2D.cpp */ = {isa = PBXFileReference; fileEncoding = 4; lastKnownFileType = sourcecode.cpp.cpp; name = APoint2D.cpp; path = Blockout/APoint2D.cpp; sourceTree = "<group>"; };
		4CD68F1C16E89787005FD197 /* APoint2D.h */ = {isa = PBXFileReference; fileEncoding = 4; lastKnownFileType = sourcecode.c.h; name = APoint2D.h; path = Blockout/APoint2D.h; sourceTree = "<group>"; };
		4CD68F1E16E8C592005FD197 /* ADataLiner.cpp */ = {isa = PBXFileReference; fileEncoding = 4; lastKnownFileType = sourcecode.cpp.cpp; name = ADataLiner.cpp; path = Blockout/ADataLiner.cpp; sourceTree = "<group>"; };
		4CD68F1F16E8C592005FD197 /* ADataLiner.h */ = {isa = PBXFileReference; fileEncoding = 4; lastKnownFileType = sourcecode.c.h; name = ADataLiner.h; path = Blockout/ADataLiner.h; sourceTree = "<group>"; };
		4CEA40DE16CFAFD500A678B5 /* ATexturedBlock.cpp */ = {isa = PBXFileReference; fileEncoding = 4; lastKnownFileType = sourcecode.cpp.cpp; name = ATexturedBlock.cpp; path = Blockout/ATexturedBlock.cpp; sourceTree = "<group>"; };
		4CEA40DF16CFAFD500A678B5 /* ATexturedBlock.h */ = {isa = PBXFileReference; fileEncoding = 4; lastKnownFileType = sourcecode.c.h; name = ATexturedBlock.h; path = Blockout/ATexturedBlock.h; sourceTree = "<group>"; };
		4CEA40E216CFB09700A678B5 /* aimage.cpp */ = {isa = PBXFileReference; fileEncoding = 4; lastKnownFileType = sourcecode.cpp.cpp; name = aimage.cpp; path = Blockout/aimage.cpp; sourceTree = "<group>"; };
		4CEA40E316CFB09700A678B5 /* aimage.h */ = {isa = PBXFileReference; fileEncoding = 4; lastKnownFileType = sourcecode.c.h; name = aimage.h; path = Blockout/aimage.h; sourceTree = "<group>"; };
		4CEA40E416CFB09700A678B5 /* atexture.cpp */ = {isa = PBXFileReference; fileEncoding = 4; lastKnownFileType = sourcecode.cpp.cpp; name = atexture.cpp; path = Blockout/atexture.cpp; sourceTree = "<group>"; };
		4CEA40E516CFB09700A678B5 /* atexture.h */ = {isa = PBXFileReference; fileEncoding = 4; lastKnownFileType = sourcecode.c.h; name = atexture.h; path = Blockout/atexture.h; sourceTree = "<group>"; };
		4CEA40E616CFB09700A678B5 /* atga.cpp */ = {isa = PBXFileReference; fileEncoding = 4; lastKnownFileType = sourcecode.cpp.cpp; name = atga.cpp; path = Blockout/atga.cpp; sourceTree = "<group>"; };
		4CEA40E716CFB09700A678B5 /* atga.h */ = {isa = PBXFileReference; fileEncoding = 4; lastKnownFileType = sourcecode.c.h; name = atga.h; path = Blockout/atga.h; sourceTree = "<group>"; };
		B732726416AB20C2001DE602 /* Blockout.app */ = {isa = PBXFileReference; explicitFileType = wrapper.application; includeInIndex = 0; path = Blockout.app; sourceTree = BUILT_PRODUCTS_DIR; };
		B732726816AB20C2001DE602 /* Cocoa.framework */ = {isa = PBXFileReference; lastKnownFileType = wrapper.framework; name = Cocoa.framework; path = System/Library/Frameworks/Cocoa.framework; sourceTree = SDKROOT; };
		B732726B16AB20C2001DE602 /* AppKit.framework */ = {isa = PBXFileReference; lastKnownFileType = wrapper.framework; name = AppKit.framework; path = System/Library/Frameworks/AppKit.framework; sourceTree = SDKROOT; };
		B732726C16AB20C2001DE602 /* CoreData.framework */ = {isa = PBXFileReference; lastKnownFileType = wrapper.framework; name = CoreData.framework; path = System/Library/Frameworks/CoreData.framework; sourceTree = SDKROOT; };
		B732726D16AB20C2001DE602 /* Foundation.framework */ = {isa = PBXFileReference; lastKnownFileType = wrapper.framework; name = Foundation.framework; path = System/Library/Frameworks/Foundation.framework; sourceTree = SDKROOT; };
		B732727016AB20C2001DE602 /* Blockout-Info.plist */ = {isa = PBXFileReference; lastKnownFileType = text.plist.xml; path = "Blockout-Info.plist"; sourceTree = "<group>"; };
		B732727216AB20C2001DE602 /* en */ = {isa = PBXFileReference; lastKnownFileType = text.plist.strings; name = en; path = en.lproj/InfoPlist.strings; sourceTree = "<group>"; };
		B732727416AB20C2001DE602 /* main.m */ = {isa = PBXFileReference; lastKnownFileType = sourcecode.c.objc; path = main.m; sourceTree = "<group>"; };
		B732727616AB20C2001DE602 /* Blockout-Prefix.pch */ = {isa = PBXFileReference; lastKnownFileType = sourcecode.c.h; path = "Blockout-Prefix.pch"; sourceTree = "<group>"; };
		B732727816AB20C2001DE602 /* en */ = {isa = PBXFileReference; lastKnownFileType = text.rtf; name = en; path = en.lproj/Credits.rtf; sourceTree = "<group>"; };
		B732727A16AB20C2001DE602 /* AAppDelegate.h */ = {isa = PBXFileReference; lastKnownFileType = sourcecode.c.h; path = AAppDelegate.h; sourceTree = "<group>"; };
		B732727B16AB20C2001DE602 /* AAppDelegate.mm */ = {isa = PBXFileReference; lastKnownFileType = sourcecode.cpp.objcpp; path = AAppDelegate.mm; sourceTree = "<group>"; };
		B732728516AB2507001DE602 /* ARenderView.h */ = {isa = PBXFileReference; fileEncoding = 4; lastKnownFileType = sourcecode.c.h; path = ARenderView.h; sourceTree = "<group>"; };
		B732728616AB2507001DE602 /* ARenderView.mm */ = {isa = PBXFileReference; fileEncoding = 4; lastKnownFileType = sourcecode.cpp.objcpp; path = ARenderView.mm; sourceTree = "<group>"; };
		B7ECFF5116AD422F00946E91 /* en */ = {isa = PBXFileReference; lastKnownFileType = file.xib; name = en; path = en.lproj/Blockout.xib; sourceTree = "<group>"; };
		B7ECFF5416AD42C500946E91 /* OpenGL.framework */ = {isa = PBXFileReference; lastKnownFileType = wrapper.framework; name = OpenGL.framework; path = System/Library/Frameworks/OpenGL.framework; sourceTree = SDKROOT; };
/* End PBXFileReference section */

/* Begin PBXFrameworksBuildPhase section */
		B732726116AB20C2001DE602 /* Frameworks */ = {
			isa = PBXFrameworksBuildPhase;
			buildActionMask = 2147483647;
			files = (
				B7ECFF5516AD42C500946E91 /* OpenGL.framework in Frameworks */,
				B732726916AB20C2001DE602 /* Cocoa.framework in Frameworks */,
			);
			runOnlyForDeploymentPostprocessing = 0;
		};
/* End PBXFrameworksBuildPhase section */

/* Begin PBXGroup section */
		4C52515A16CA8621002A5B42 /* DataTypes */ = {
			isa = PBXGroup;
			children = (
				4CD68F1E16E8C592005FD197 /* ADataLiner.cpp */,
				4CD68F1F16E8C592005FD197 /* ADataLiner.h */,
				4CD68F1B16E89787005FD197 /* APoint2D.cpp */,
				4CD68F1C16E89787005FD197 /* APoint2D.h */,
				4C923D0316C444B0008EDA5C /* APoint.cpp */,
				4C923D0416C444B0008EDA5C /* APoint.h */,
				4CC85D6816C3FE5400B961AB /* AColor.cpp */,
				4CC85D6916C3FE5400B961AB /* AColor.h */,
				4CB4E65116BEA6F400CC9FA4 /* AVector.cpp */,
				4CB4E65216BEA6F400CC9FA4 /* AVector.h */,
				4C8000EC16BD2F27008B1E74 /* DrawTypes.h */,
			);
			name = DataTypes;
			sourceTree = "<group>";
		};
		4C8000F616BD43FD008B1E74 /* Render */ = {
			isa = PBXGroup;
			children = (
				4CAF5A6016E647A600E04427 /* ObjectsToRender */,
				4C8000E816BD2F27008B1E74 /* ACrafter.cpp */,
				4C8000E916BD2F27008B1E74 /* ACrafter.h */,
			);
			name = Render;
			sourceTree = "<group>";
		};
		4C923D0916C45321008EDA5C /* Logic */ = {
			isa = PBXGroup;
			children = (
				4CC8218B16D7AE2D0090CE07 /* Timer */,
				4C923D0616C45319008EDA5C /* ALogic.cpp */,
				4C923D0716C45319008EDA5C /* ALogic.h */,
				4C14891116C53ED10014683F /* AFormation.cpp */,
				4C14891216C53ED10014683F /* AFormation.h */,
			);
			name = Logic;
			sourceTree = "<group>";
		};
		4CAF5A6016E647A600E04427 /* ObjectsToRender */ = {
			isa = PBXGroup;
			children = (
				4CAF5A6116E648A500E04427 /* Blocks */,
				4C8000FF16BD4F81008B1E74 /* ARObject.cpp */,
				4C8000F416BD43F7008B1E74 /* ARObject.h */,
				4C8000EF16BD3D35008B1E74 /* AWell.cpp */,
				4C8000F016BD3D35008B1E74 /* AWell.h */,
				4C52515B16CA88AC002A5B42 /* AFormationFactory.cpp */,
				4C52515C16CA88AC002A5B42 /* AFormationFactory.h */,
			);
			name = ObjectsToRender;
			sourceTree = "<group>";
		};
		4CAF5A6116E648A500E04427 /* Blocks */ = {
			isa = PBXGroup;
			children = (
				4CEA40DE16CFAFD500A678B5 /* ATexturedBlock.cpp */,
				4CEA40DF16CFAFD500A678B5 /* ATexturedBlock.h */,
				4C1D72CF16CFA41000C2DFB7 /* ASolidBlock.cpp */,
				4C1D72D016CFA41000C2DFB7 /* ASolidBlock.h */,
				4C14891416C547130014683F /* ABlock.cpp */,
				4C14891516C547130014683F /* ABlock.h */,
			);
			name = Blocks;
			sourceTree = "<group>";
		};
		4CC8217B16D7A3100090CE07 /* Resources */ = {
			isa = PBXGroup;
			children = (
				4CB3AF4216EB3C0B002DE363 /* celtic.tga */,
				4CC8218216D7A52A0090CE07 /* celtic.png */,
				4CC8218316D7A52A0090CE07 /* marble.png */,
				4CC8218416D7A52A0090CE07 /* recycled.png */,
			);
			name = Resources;
			sourceTree = "<group>";
		};
		4CC8218B16D7AE2D0090CE07 /* Timer */ = {
			isa = PBXGroup;
			children = (
				4CD68F1816E87F5D005FD197 /* ATimer.h */,
				4CD68F1916E87F5D005FD197 /* ATimer.mm */,
				4CAF5A5D16E6374900E04427 /* AMacTimerWrapper.h */,
				4CAF5A5E16E6374900E04427 /* AMacTimerWrapper.mm */,
				4CC8218816D7ABC10090CE07 /* AMacTimer.mm */,
				4CC8218916D7ABC10090CE07 /* AMacTimer.h */,
				4CC8218C16D7AE490090CE07 /* AFireObject.h */,
			);
			name = Timer;
			sourceTree = "<group>";
		};
		4CEA40E116CFB08400A678B5 /* Texture */ = {
			isa = PBXGroup;
			children = (
				4CEA40E216CFB09700A678B5 /* aimage.cpp */,
				4CEA40E316CFB09700A678B5 /* aimage.h */,
				4CEA40E616CFB09700A678B5 /* atga.cpp */,
				4CEA40E716CFB09700A678B5 /* atga.h */,
				4CEA40E416CFB09700A678B5 /* atexture.cpp */,
				4CEA40E516CFB09700A678B5 /* atexture.h */,
			);
			name = Texture;
			sourceTree = "<group>";
		};
		B732725916AB20C2001DE602 = {
			isa = PBXGroup;
			children = (
				B7ECFF5D16AD5F1800946E91 /* Game */,
				B7ECFF5916AD4FBC00946E91 /* Paintings */,
				B732726E16AB20C2001DE602 /* Blockout */,
				B732726F16AB20C2001DE602 /* Supporting Files */,
				4CC8217B16D7A3100090CE07 /* Resources */,
				B732726716AB20C2001DE602 /* Frameworks */,
				B732726516AB20C2001DE602 /* Products */,
			);
			sourceTree = "<group>";
		};
		B732726516AB20C2001DE602 /* Products */ = {
			isa = PBXGroup;
			children = (
				B732726416AB20C2001DE602 /* Blockout.app */,
			);
			name = Products;
			sourceTree = "<group>";
		};
		B732726716AB20C2001DE602 /* Frameworks */ = {
			isa = PBXGroup;
			children = (
				B7ECFF5416AD42C500946E91 /* OpenGL.framework */,
				B732726B16AB20C2001DE602 /* AppKit.framework */,
				B732726C16AB20C2001DE602 /* CoreData.framework */,
				B732726D16AB20C2001DE602 /* Foundation.framework */,
				B732726816AB20C2001DE602 /* Cocoa.framework */,
			);
			name = Frameworks;
			sourceTree = "<group>";
		};
		B732726E16AB20C2001DE602 /* Blockout */ = {
			isa = PBXGroup;
			children = (
				B732727416AB20C2001DE602 /* main.m */,
				B7ECFF5016AD422F00946E91 /* Blockout.xib */,
				B732727A16AB20C2001DE602 /* AAppDelegate.h */,
				B732727B16AB20C2001DE602 /* AAppDelegate.mm */,
				B732728516AB2507001DE602 /* ARenderView.h */,
				B732728616AB2507001DE602 /* ARenderView.mm */,
			);
			path = Blockout;
			sourceTree = "<group>";
		};
		B732726F16AB20C2001DE602 /* Supporting Files */ = {
			isa = PBXGroup;
			children = (
				B732727016AB20C2001DE602 /* Blockout-Info.plist */,
				B732727116AB20C2001DE602 /* InfoPlist.strings */,
				B732727616AB20C2001DE602 /* Blockout-Prefix.pch */,
				B732727716AB20C2001DE602 /* Credits.rtf */,
				4CC85D6E16C409A600B961AB /* readme.txt */,
			);
			name = "Supporting Files";
			path = Blockout;
			sourceTree = "<group>";
		};
		B7ECFF5916AD4FBC00946E91 /* Paintings */ = {
			isa = PBXGroup;
			children = (
				4CEA40E116CFB08400A678B5 /* Texture */,
				4C52515A16CA8621002A5B42 /* DataTypes */,
				4C8000EA16BD2F27008B1E74 /* ADrawBasics.cpp */,
				4C8000EB16BD2F27008B1E74 /* ADrawBasics.h */,
				4CC85D6B16C4027100B961AB /* AOpenGLState.cpp */,
				4CC85D6C16C4027100B961AB /* AOpenGLState.h */,
			);
			name = Paintings;
			sourceTree = "<group>";
		};
		B7ECFF5D16AD5F1800946E91 /* Game */ = {
			isa = PBXGroup;
			children = (
				4C923D0916C45321008EDA5C /* Logic */,
				4C8000F616BD43FD008B1E74 /* Render */,
				4C8000E516BD2F12008B1E74 /* ABlockout.cpp */,
				4C8000E616BD2F12008B1E74 /* ABlockout.h */,
				4C52515916CA7B1B002A5B42 /* BlockoutTypes.h */,
				4C6FB0011716B1DB004F5E0E /* BlockoutDebug.cpp */,
				4C6FB0021716B1DB004F5E0E /* BlockoutDebug.h */,
			);
			name = Game;
			sourceTree = "<group>";
		};
/* End PBXGroup section */

/* Begin PBXNativeTarget section */
		B732726316AB20C2001DE602 /* Blockout */ = {
			isa = PBXNativeTarget;
			buildConfigurationList = B732728216AB20C3001DE602 /* Build configuration list for PBXNativeTarget "Blockout" */;
			buildPhases = (
				B732726016AB20C2001DE602 /* Sources */,
				B732726116AB20C2001DE602 /* Frameworks */,
				B732726216AB20C2001DE602 /* Resources */,
			);
			buildRules = (
			);
			dependencies = (
			);
			name = Blockout;
			productName = Blockout;
			productReference = B732726416AB20C2001DE602 /* Blockout.app */;
			productType = "com.apple.product-type.application";
		};
/* End PBXNativeTarget section */

/* Begin PBXProject section */
		B732725B16AB20C2001DE602 /* Project object */ = {
			isa = PBXProject;
			attributes = {
				CLASSPREFIX = A;
				LastUpgradeCheck = 0450;
				ORGANIZATIONNAME = Landsknecht;
			};
			buildConfigurationList = B732725E16AB20C2001DE602 /* Build configuration list for PBXProject "Blockout" */;
			compatibilityVersion = "Xcode 3.2";
			developmentRegion = English;
			hasScannedForEncodings = 0;
			knownRegions = (
				en,
			);
			mainGroup = B732725916AB20C2001DE602;
			productRefGroup = B732726516AB20C2001DE602 /* Products */;
			projectDirPath = "";
			projectRoot = "";
			targets = (
				B732726316AB20C2001DE602 /* Blockout */,
			);
		};
/* End PBXProject section */

/* Begin PBXResourcesBuildPhase section */
		B732726216AB20C2001DE602 /* Resources */ = {
			isa = PBXResourcesBuildPhase;
			buildActionMask = 2147483647;
			files = (
				B732727316AB20C2001DE602 /* InfoPlist.strings in Resources */,
				B732727916AB20C2001DE602 /* Credits.rtf in Resources */,
				B7ECFF5216AD422F00946E91 /* Blockout.xib in Resources */,
				4CC85D6F16C409A600B961AB /* readme.txt in Resources */,
				4CC8218516D7A52A0090CE07 /* celtic.png in Resources */,
				4CC8218616D7A52A0090CE07 /* marble.png in Resources */,
				4CC8218716D7A52A0090CE07 /* recycled.png in Resources */,
				4CB3AF4316EB3C0B002DE363 /* celtic.tga in Resources */,
			);
			runOnlyForDeploymentPostprocessing = 0;
		};
/* End PBXResourcesBuildPhase section */

/* Begin PBXSourcesBuildPhase section */
		B732726016AB20C2001DE602 /* Sources */ = {
			isa = PBXSourcesBuildPhase;
			buildActionMask = 2147483647;
			files = (
				B732727516AB20C2001DE602 /* main.m in Sources */,
				B732727C16AB20C2001DE602 /* AAppDelegate.mm in Sources */,
				B732728716AB2507001DE602 /* ARenderView.mm in Sources */,
				4C8000E716BD2F12008B1E74 /* ABlockout.cpp in Sources */,
				4C8000ED16BD2F27008B1E74 /* ACrafter.cpp in Sources */,
				4C8000EE16BD2F27008B1E74 /* ADrawBasics.cpp in Sources */,
				4C8000F116BD3D35008B1E74 /* AWell.cpp in Sources */,
				4C80010016BD4F81008B1E74 /* ARObject.cpp in Sources */,
				4CB4E65316BEA6F400CC9FA4 /* AVector.cpp in Sources */,
				4CC85D6A16C3FE5400B961AB /* AColor.cpp in Sources */,
				4CC85D6D16C4027100B961AB /* AOpenGLState.cpp in Sources */,
				4C923D0516C444B0008EDA5C /* APoint.cpp in Sources */,
				4C923D0816C45319008EDA5C /* ALogic.cpp in Sources */,
				4C14891316C53ED10014683F /* AFormation.cpp in Sources */,
				4C14891616C547130014683F /* ABlock.cpp in Sources */,
				4C52515D16CA88AC002A5B42 /* AFormationFactory.cpp in Sources */,
				4C1D72D116CFA41000C2DFB7 /* ASolidBlock.cpp in Sources */,
				4CEA40E016CFAFD500A678B5 /* ATexturedBlock.cpp in Sources */,
				4CEA40E816CFB09700A678B5 /* aimage.cpp in Sources */,
				4CEA40E916CFB09700A678B5 /* atexture.cpp in Sources */,
				4CEA40EA16CFB09700A678B5 /* atga.cpp in Sources */,
				4CC8218A16D7ABC10090CE07 /* AMacTimer.mm in Sources */,
				4CAF5A5F16E6374900E04427 /* AMacTimerWrapper.mm in Sources */,
				4CD68F1A16E87F5D005FD197 /* ATimer.mm in Sources */,
				4CD68F1D16E89787005FD197 /* APoint2D.cpp in Sources */,
				4CD68F2016E8C592005FD197 /* ADataLiner.cpp in Sources */,
				4C6FB0031716B1DB004F5E0E /* BlockoutDebug.cpp in Sources */,
			);
			runOnlyForDeploymentPostprocessing = 0;
		};
/* End PBXSourcesBuildPhase section */

/* Begin PBXVariantGroup section */
		B732727116AB20C2001DE602 /* InfoPlist.strings */ = {
			isa = PBXVariantGroup;
			children = (
				B732727216AB20C2001DE602 /* en */,
			);
			name = InfoPlist.strings;
			sourceTree = "<group>";
		};
		B732727716AB20C2001DE602 /* Credits.rtf */ = {
			isa = PBXVariantGroup;
			children = (
				B732727816AB20C2001DE602 /* en */,
			);
			name = Credits.rtf;
			sourceTree = "<group>";
		};
		B7ECFF5016AD422F00946E91 /* Blockout.xib */ = {
			isa = PBXVariantGroup;
			children = (
				B7ECFF5116AD422F00946E91 /* en */,
			);
			name = Blockout.xib;
			sourceTree = "<group>";
		};
/* End PBXVariantGroup section */

/* Begin XCBuildConfiguration section */
		B732728016AB20C3001DE602 /* Debug */ = {
			isa = XCBuildConfiguration;
			buildSettings = {
				ALWAYS_SEARCH_USER_PATHS = NO;
				ARCHS = "$(ARCHS_STANDARD_64_BIT)";
				CLANG_CXX_LANGUAGE_STANDARD = "gnu++0x";
				CLANG_CXX_LIBRARY = "libc++";
				CLANG_WARN_EMPTY_BODY = YES;
				CLANG_WARN__DUPLICATE_METHOD_MATCH = YES;
				COPY_PHASE_STRIP = NO;
				GCC_C_LANGUAGE_STANDARD = gnu99;
				GCC_DYNAMIC_NO_PIC = NO;
				GCC_ENABLE_OBJC_EXCEPTIONS = YES;
				GCC_OPTIMIZATION_LEVEL = 0;
				GCC_PREPROCESSOR_DEFINITIONS = (
					"DEBUG=1",
					"$(inherited)",
				);
				GCC_SYMBOLS_PRIVATE_EXTERN = NO;
				GCC_WARN_64_TO_32_BIT_CONVERSION = YES;
				GCC_WARN_ABOUT_RETURN_TYPE = YES;
				GCC_WARN_UNINITIALIZED_AUTOS = YES;
				GCC_WARN_UNUSED_VARIABLE = YES;
				MACOSX_DEPLOYMENT_TARGET = 10.7;
				ONLY_ACTIVE_ARCH = YES;
				SDKROOT = macosx;
			};
			name = Debug;
		};
		B732728116AB20C3001DE602 /* Release */ = {
			isa = XCBuildConfiguration;
			buildSettings = {
				ALWAYS_SEARCH_USER_PATHS = NO;
				ARCHS = "$(ARCHS_STANDARD_64_BIT)";
				CLANG_CXX_LANGUAGE_STANDARD = "gnu++0x";
				CLANG_CXX_LIBRARY = "libc++";
				CLANG_WARN_EMPTY_BODY = YES;
				CLANG_WARN__DUPLICATE_METHOD_MATCH = YES;
				COPY_PHASE_STRIP = YES;
				DEBUG_INFORMATION_FORMAT = "dwarf-with-dsym";
				GCC_C_LANGUAGE_STANDARD = gnu99;
				GCC_ENABLE_OBJC_EXCEPTIONS = YES;
				GCC_WARN_64_TO_32_BIT_CONVERSION = YES;
				GCC_WARN_ABOUT_RETURN_TYPE = YES;
				GCC_WARN_UNINITIALIZED_AUTOS = YES;
				GCC_WARN_UNUSED_VARIABLE = YES;
				MACOSX_DEPLOYMENT_TARGET = 10.7;
				SDKROOT = macosx;
			};
			name = Release;
		};
		B732728316AB20C3001DE602 /* Debug */ = {
			isa = XCBuildConfiguration;
			buildSettings = {
				COMBINE_HIDPI_IMAGES = YES;
				DEBUG_LOG = 1;
				GCC_PRECOMPILE_PREFIX_HEADER = YES;
				GCC_PREFIX_HEADER = "Blockout/Blockout-Prefix.pch";
				INFOPLIST_FILE = "Blockout/Blockout-Info.plist";
				PRODUCT_NAME = "$(TARGET_NAME)";
				WRAPPER_EXTENSION = app;
			};
			name = Debug;
		};
		B732728416AB20C3001DE602 /* Release */ = {
			isa = XCBuildConfiguration;
			buildSettings = {
				COMBINE_HIDPI_IMAGES = YES;
				DEBUG_LOG = 1;
				GCC_PRECOMPILE_PREFIX_HEADER = YES;
				GCC_PREFIX_HEADER = "Blockout/Blockout-Prefix.pch";
				INFOPLIST_FILE = "Blockout/Blockout-Info.plist";
				PRODUCT_NAME = "$(TARGET_NAME)";
				WRAPPER_EXTENSION = app;
			};
			name = Release;
		};
/* End XCBuildConfiguration section */

/* Begin XCConfigurationList section */
		B732725E16AB20C2001DE602 /* Build configuration list for PBXProject "Blockout" */ = {
			isa = XCConfigurationList;
			buildConfigurations = (
				B732728016AB20C3001DE602 /* Debug */,
				B732728116AB20C3001DE602 /* Release */,
			);
			defaultConfigurationIsVisible = 0;
			defaultConfigurationName = Release;
		};
		B732728216AB20C3001DE602 /* Build configuration list for PBXNativeTarget "Blockout" */ = {
			isa = XCConfigurationList;
			buildConfigurations = (
				B732728316AB20C3001DE602 /* Debug */,
				B732728416AB20C3001DE602 /* Release */,
			);
			defaultConfigurationIsVisible = 0;
			defaultConfigurationName = Release;
		};
/* End XCConfigurationList section */
	};
	rootObject = B732725B16AB20C2001DE602 /* Project object */;
}
